// !$*UTF8*$!
{
	archiveVersion = 1;
	classes = {
	};
	objectVersion = 50;
	objects = {

/* Begin PBXBuildFile section */
		65F3EC9F236A8060002C78DA /* AppDelegate.swift in Sources */ = {isa = PBXBuildFile; fileRef = 65F3EC9E236A8060002C78DA /* AppDelegate.swift */; };
		65F3ECA1236A8060002C78DA /* ViewController.swift in Sources */ = {isa = PBXBuildFile; fileRef = 65F3ECA0236A8060002C78DA /* ViewController.swift */; };
		65F3ECA4236A8060002C78DA /* Main.storyboard in Resources */ = {isa = PBXBuildFile; fileRef = 65F3ECA2236A8060002C78DA /* Main.storyboard */; };
		65F3ECA6236A8062002C78DA /* Assets.xcassets in Resources */ = {isa = PBXBuildFile; fileRef = 65F3ECA5236A8062002C78DA /* Assets.xcassets */; };
		65F3ECA9236A8062002C78DA /* LaunchScreen.storyboard in Resources */ = {isa = PBXBuildFile; fileRef = 65F3ECA7236A8062002C78DA /* LaunchScreen.storyboard */; };
		65F3ECB4236A8062002C78DA /* RelationalTests.swift in Sources */ = {isa = PBXBuildFile; fileRef = 65F3ECB3236A8062002C78DA /* RelationalTests.swift */; };
		65F3ECBF236A8062002C78DA /* RelationalUITests.swift in Sources */ = {isa = PBXBuildFile; fileRef = 65F3ECBE236A8062002C78DA /* RelationalUITests.swift */; };
/* End PBXBuildFile section */

/* Begin PBXContainerItemProxy section */
		65F3ECB0236A8062002C78DA /* PBXContainerItemProxy */ = {
			isa = PBXContainerItemProxy;
			containerPortal = 65F3EC93236A8060002C78DA /* Project object */;
			proxyType = 1;
			remoteGlobalIDString = 65F3EC9A236A8060002C78DA;
			remoteInfo = Relational;
		};
		65F3ECBB236A8062002C78DA /* PBXContainerItemProxy */ = {
			isa = PBXContainerItemProxy;
			containerPortal = 65F3EC93236A8060002C78DA /* Project object */;
			proxyType = 1;
			remoteGlobalIDString = 65F3EC9A236A8060002C78DA;
			remoteInfo = Relational;
		};
/* End PBXContainerItemProxy section */

/* Begin PBXFileReference section */
		65F3EC9B236A8060002C78DA /* Relational.app */ = {isa = PBXFileReference; explicitFileType = wrapper.application; includeInIndex = 0; path = Relational.app; sourceTree = BUILT_PRODUCTS_DIR; };
		65F3EC9E236A8060002C78DA /* AppDelegate.swift */ = {isa = PBXFileReference; lastKnownFileType = sourcecode.swift; path = AppDelegate.swift; sourceTree = "<group>"; };
		65F3ECA0236A8060002C78DA /* ViewController.swift */ = {isa = PBXFileReference; lastKnownFileType = sourcecode.swift; path = ViewController.swift; sourceTree = "<group>"; };
		65F3ECA3236A8060002C78DA /* Base */ = {isa = PBXFileReference; lastKnownFileType = file.storyboard; name = Base; path = Base.lproj/Main.storyboard; sourceTree = "<group>"; };
		65F3ECA5236A8062002C78DA /* Assets.xcassets */ = {isa = PBXFileReference; lastKnownFileType = folder.assetcatalog; path = Assets.xcassets; sourceTree = "<group>"; };
		65F3ECA8236A8062002C78DA /* Base */ = {isa = PBXFileReference; lastKnownFileType = file.storyboard; name = Base; path = Base.lproj/LaunchScreen.storyboard; sourceTree = "<group>"; };
		65F3ECAA236A8062002C78DA /* Info.plist */ = {isa = PBXFileReference; lastKnownFileType = text.plist.xml; path = Info.plist; sourceTree = "<group>"; };
		65F3ECAF236A8062002C78DA /* RelationalTests.xctest */ = {isa = PBXFileReference; explicitFileType = wrapper.cfbundle; includeInIndex = 0; path = RelationalTests.xctest; sourceTree = BUILT_PRODUCTS_DIR; };
		65F3ECB3236A8062002C78DA /* RelationalTests.swift */ = {isa = PBXFileReference; lastKnownFileType = sourcecode.swift; path = RelationalTests.swift; sourceTree = "<group>"; };
		65F3ECB5236A8062002C78DA /* Info.plist */ = {isa = PBXFileReference; lastKnownFileType = text.plist.xml; path = Info.plist; sourceTree = "<group>"; };
		65F3ECBA236A8062002C78DA /* RelationalUITests.xctest */ = {isa = PBXFileReference; explicitFileType = wrapper.cfbundle; includeInIndex = 0; path = RelationalUITests.xctest; sourceTree = BUILT_PRODUCTS_DIR; };
		65F3ECBE236A8062002C78DA /* RelationalUITests.swift */ = {isa = PBXFileReference; lastKnownFileType = sourcecode.swift; path = RelationalUITests.swift; sourceTree = "<group>"; };
		65F3ECC0236A8062002C78DA /* Info.plist */ = {isa = PBXFileReference; lastKnownFileType = text.plist.xml; path = Info.plist; sourceTree = "<group>"; };
/* End PBXFileReference section */

/* Begin PBXFrameworksBuildPhase section */
		65F3EC98236A8060002C78DA /* Frameworks */ = {
			isa = PBXFrameworksBuildPhase;
			buildActionMask = 2147483647;
			files = (
			);
			runOnlyForDeploymentPostprocessing = 0;
		};
		65F3ECAC236A8062002C78DA /* Frameworks */ = {
			isa = PBXFrameworksBuildPhase;
			buildActionMask = 2147483647;
			files = (
			);
			runOnlyForDeploymentPostprocessing = 0;
		};
		65F3ECB7236A8062002C78DA /* Frameworks */ = {
			isa = PBXFrameworksBuildPhase;
			buildActionMask = 2147483647;
			files = (
			);
			runOnlyForDeploymentPostprocessing = 0;
		};
/* End PBXFrameworksBuildPhase section */

/* Begin PBXGroup section */
		65F3EC92236A8060002C78DA = {
			isa = PBXGroup;
			children = (
				65F3EC9D236A8060002C78DA /* Relational */,
				65F3ECB2236A8062002C78DA /* RelationalTests */,
				65F3ECBD236A8062002C78DA /* RelationalUITests */,
				65F3EC9C236A8060002C78DA /* Products */,
			);
			sourceTree = "<group>";
		};
		65F3EC9C236A8060002C78DA /* Products */ = {
			isa = PBXGroup;
			children = (
				65F3EC9B236A8060002C78DA /* Relational.app */,
				65F3ECAF236A8062002C78DA /* RelationalTests.xctest */,
				65F3ECBA236A8062002C78DA /* RelationalUITests.xctest */,
			);
			name = Products;
			sourceTree = "<group>";
		};
		65F3EC9D236A8060002C78DA /* Relational */ = {
			isa = PBXGroup;
			children = (
				65F3EC9E236A8060002C78DA /* AppDelegate.swift */,
				65F3ECA0236A8060002C78DA /* ViewController.swift */,
				65F3ECA2236A8060002C78DA /* Main.storyboard */,
				65F3ECA5236A8062002C78DA /* Assets.xcassets */,
				65F3ECA7236A8062002C78DA /* LaunchScreen.storyboard */,
				65F3ECAA236A8062002C78DA /* Info.plist */,
			);
			path = Relational;
			sourceTree = "<group>";
		};
		65F3ECB2236A8062002C78DA /* RelationalTests */ = {
			isa = PBXGroup;
			children = (
				65F3ECB3236A8062002C78DA /* RelationalTests.swift */,
				65F3ECB5236A8062002C78DA /* Info.plist */,
			);
			path = RelationalTests;
			sourceTree = "<group>";
		};
		65F3ECBD236A8062002C78DA /* RelationalUITests */ = {
			isa = PBXGroup;
			children = (
				65F3ECBE236A8062002C78DA /* RelationalUITests.swift */,
				65F3ECC0236A8062002C78DA /* Info.plist */,
			);
			path = RelationalUITests;
			sourceTree = "<group>";
		};
/* End PBXGroup section */

/* Begin PBXNativeTarget section */
		65F3EC9A236A8060002C78DA /* Relational */ = {
			isa = PBXNativeTarget;
			buildConfigurationList = 65F3ECC3236A8062002C78DA /* Build configuration list for PBXNativeTarget "Relational" */;
			buildPhases = (
				65F3EC97236A8060002C78DA /* Sources */,
				65F3EC98236A8060002C78DA /* Frameworks */,
				65F3EC99236A8060002C78DA /* Resources */,
			);
			buildRules = (
			);
			dependencies = (
			);
			name = Relational;
			productName = Relational;
			productReference = 65F3EC9B236A8060002C78DA /* Relational.app */;
			productType = "com.apple.product-type.application";
		};
		65F3ECAE236A8062002C78DA /* RelationalTests */ = {
			isa = PBXNativeTarget;
			buildConfigurationList = 65F3ECC6236A8062002C78DA /* Build configuration list for PBXNativeTarget "RelationalTests" */;
			buildPhases = (
				65F3ECAB236A8062002C78DA /* Sources */,
				65F3ECAC236A8062002C78DA /* Frameworks */,
				65F3ECAD236A8062002C78DA /* Resources */,
			);
			buildRules = (
			);
			dependencies = (
				65F3ECB1236A8062002C78DA /* PBXTargetDependency */,
			);
			name = RelationalTests;
			productName = RelationalTests;
			productReference = 65F3ECAF236A8062002C78DA /* RelationalTests.xctest */;
			productType = "com.apple.product-type.bundle.unit-test";
		};
		65F3ECB9236A8062002C78DA /* RelationalUITests */ = {
			isa = PBXNativeTarget;
			buildConfigurationList = 65F3ECC9236A8062002C78DA /* Build configuration list for PBXNativeTarget "RelationalUITests" */;
			buildPhases = (
				65F3ECB6236A8062002C78DA /* Sources */,
				65F3ECB7236A8062002C78DA /* Frameworks */,
				65F3ECB8236A8062002C78DA /* Resources */,
			);
			buildRules = (
			);
			dependencies = (
				65F3ECBC236A8062002C78DA /* PBXTargetDependency */,
			);
			name = RelationalUITests;
			productName = RelationalUITests;
			productReference = 65F3ECBA236A8062002C78DA /* RelationalUITests.xctest */;
			productType = "com.apple.product-type.bundle.ui-testing";
		};
/* End PBXNativeTarget section */

/* Begin PBXProject section */
		65F3EC93236A8060002C78DA /* Project object */ = {
			isa = PBXProject;
			attributes = {
				LastSwiftUpdateCheck = 1010;
				LastUpgradeCheck = 1010;
				ORGANIZATIONNAME = "shinya yoshitaka";
				TargetAttributes = {
					65F3EC9A236A8060002C78DA = {
						CreatedOnToolsVersion = 10.1;
						LastSwiftMigration = 1110;
					};
					65F3ECAE236A8062002C78DA = {
						CreatedOnToolsVersion = 10.1;
						LastSwiftMigration = 1110;
						TestTargetID = 65F3EC9A236A8060002C78DA;
					};
					65F3ECB9236A8062002C78DA = {
						CreatedOnToolsVersion = 10.1;
						LastSwiftMigration = 1110;
						TestTargetID = 65F3EC9A236A8060002C78DA;
					};
				};
			};
			buildConfigurationList = 65F3EC96236A8060002C78DA /* Build configuration list for PBXProject "Relational" */;
			compatibilityVersion = "Xcode 9.3";
			developmentRegion = en;
			hasScannedForEncodings = 0;
			knownRegions = (
				en,
				Base,
			);
			mainGroup = 65F3EC92236A8060002C78DA;
			productRefGroup = 65F3EC9C236A8060002C78DA /* Products */;
			projectDirPath = "";
			projectRoot = "";
			targets = (
				65F3EC9A236A8060002C78DA /* Relational */,
				65F3ECAE236A8062002C78DA /* RelationalTests */,
				65F3ECB9236A8062002C78DA /* RelationalUITests */,
			);
		};
/* End PBXProject section */

/* Begin PBXResourcesBuildPhase section */
		65F3EC99236A8060002C78DA /* Resources */ = {
			isa = PBXResourcesBuildPhase;
			buildActionMask = 2147483647;
			files = (
				65F3ECA9236A8062002C78DA /* LaunchScreen.storyboard in Resources */,
				65F3ECA6236A8062002C78DA /* Assets.xcassets in Resources */,
				65F3ECA4236A8060002C78DA /* Main.storyboard in Resources */,
			);
			runOnlyForDeploymentPostprocessing = 0;
		};
		65F3ECAD236A8062002C78DA /* Resources */ = {
			isa = PBXResourcesBuildPhase;
			buildActionMask = 2147483647;
			files = (
			);
			runOnlyForDeploymentPostprocessing = 0;
		};
		65F3ECB8236A8062002C78DA /* Resources */ = {
			isa = PBXResourcesBuildPhase;
			buildActionMask = 2147483647;
			files = (
			);
			runOnlyForDeploymentPostprocessing = 0;
		};
/* End PBXResourcesBuildPhase section */

/* Begin PBXSourcesBuildPhase section */
		65F3EC97236A8060002C78DA /* Sources */ = {
			isa = PBXSourcesBuildPhase;
			buildActionMask = 2147483647;
			files = (
				65F3ECA1236A8060002C78DA /* ViewController.swift in Sources */,
				65F3EC9F236A8060002C78DA /* AppDelegate.swift in Sources */,
			);
			runOnlyForDeploymentPostprocessing = 0;
		};
		65F3ECAB236A8062002C78DA /* Sources */ = {
			isa = PBXSourcesBuildPhase;
			buildActionMask = 2147483647;
			files = (
				65F3ECB4236A8062002C78DA /* RelationalTests.swift in Sources */,
			);
			runOnlyForDeploymentPostprocessing = 0;
		};
		65F3ECB6236A8062002C78DA /* Sources */ = {
			isa = PBXSourcesBuildPhase;
			buildActionMask = 2147483647;
			files = (
				65F3ECBF236A8062002C78DA /* RelationalUITests.swift in Sources */,
			);
			runOnlyForDeploymentPostprocessing = 0;
		};
/* End PBXSourcesBuildPhase section */

/* Begin PBXTargetDependency section */
		65F3ECB1236A8062002C78DA /* PBXTargetDependency */ = {
			isa = PBXTargetDependency;
			target = 65F3EC9A236A8060002C78DA /* Relational */;
			targetProxy = 65F3ECB0236A8062002C78DA /* PBXContainerItemProxy */;
		};
		65F3ECBC236A8062002C78DA /* PBXTargetDependency */ = {
			isa = PBXTargetDependency;
			target = 65F3EC9A236A8060002C78DA /* Relational */;
			targetProxy = 65F3ECBB236A8062002C78DA /* PBXContainerItemProxy */;
		};
/* End PBXTargetDependency section */

/* Begin PBXVariantGroup section */
		65F3ECA2236A8060002C78DA /* Main.storyboard */ = {
			isa = PBXVariantGroup;
			children = (
				65F3ECA3236A8060002C78DA /* Base */,
			);
			name = Main.storyboard;
			sourceTree = "<group>";
		};
		65F3ECA7236A8062002C78DA /* LaunchScreen.storyboard */ = {
			isa = PBXVariantGroup;
			children = (
				65F3ECA8236A8062002C78DA /* Base */,
			);
			name = LaunchScreen.storyboard;
			sourceTree = "<group>";
		};
/* End PBXVariantGroup section */

/* Begin XCBuildConfiguration section */
		65F3ECC1236A8062002C78DA /* Debug */ = {
			isa = XCBuildConfiguration;
			buildSettings = {
				ALWAYS_SEARCH_USER_PATHS = NO;
				CLANG_ANALYZER_NONNULL = YES;
				CLANG_ANALYZER_NUMBER_OBJECT_CONVERSION = YES_AGGRESSIVE;
				CLANG_CXX_LANGUAGE_STANDARD = "gnu++14";
				CLANG_CXX_LIBRARY = "libc++";
				CLANG_ENABLE_MODULES = YES;
				CLANG_ENABLE_OBJC_ARC = YES;
				CLANG_ENABLE_OBJC_WEAK = YES;
				CLANG_WARN_BLOCK_CAPTURE_AUTORELEASING = YES;
				CLANG_WARN_BOOL_CONVERSION = YES;
				CLANG_WARN_COMMA = YES;
				CLANG_WARN_CONSTANT_CONVERSION = YES;
				CLANG_WARN_DEPRECATED_OBJC_IMPLEMENTATIONS = YES;
				CLANG_WARN_DIRECT_OBJC_ISA_USAGE = YES_ERROR;
				CLANG_WARN_DOCUMENTATION_COMMENTS = YES;
				CLANG_WARN_EMPTY_BODY = YES;
				CLANG_WARN_ENUM_CONVERSION = YES;
				CLANG_WARN_INFINITE_RECURSION = YES;
				CLANG_WARN_INT_CONVERSION = YES;
				CLANG_WARN_NON_LITERAL_NULL_CONVERSION = YES;
				CLANG_WARN_OBJC_IMPLICIT_RETAIN_SELF = YES;
				CLANG_WARN_OBJC_LITERAL_CONVERSION = YES;
				CLANG_WARN_OBJC_ROOT_CLASS = YES_ERROR;
				CLANG_WARN_RANGE_LOOP_ANALYSIS = YES;
				CLANG_WARN_STRICT_PROTOTYPES = YES;
				CLANG_WARN_SUSPICIOUS_MOVE = YES;
				CLANG_WARN_UNGUARDED_AVAILABILITY = YES_AGGRESSIVE;
				CLANG_WARN_UNREACHABLE_CODE = YES;
				CLANG_WARN__DUPLICATE_METHOD_MATCH = YES;
				CODE_SIGN_IDENTITY = "iPhone Developer";
				COPY_PHASE_STRIP = NO;
				DEBUG_INFORMATION_FORMAT = dwarf;
				ENABLE_STRICT_OBJC_MSGSEND = YES;
				ENABLE_TESTABILITY = YES;
				GCC_C_LANGUAGE_STANDARD = gnu11;
				GCC_DYNAMIC_NO_PIC = NO;
				GCC_NO_COMMON_BLOCKS = YES;
				GCC_OPTIMIZATION_LEVEL = 0;
				GCC_PREPROCESSOR_DEFINITIONS = (
					"DEBUG=1",
					"$(inherited)",
				);
				GCC_WARN_64_TO_32_BIT_CONVERSION = YES;
				GCC_WARN_ABOUT_RETURN_TYPE = YES_ERROR;
				GCC_WARN_UNDECLARED_SELECTOR = YES;
				GCC_WARN_UNINITIALIZED_AUTOS = YES_AGGRESSIVE;
				GCC_WARN_UNUSED_FUNCTION = YES;
				GCC_WARN_UNUSED_VARIABLE = YES;
				IPHONEOS_DEPLOYMENT_TARGET = 12.1;
				MTL_ENABLE_DEBUG_INFO = INCLUDE_SOURCE;
				MTL_FAST_MATH = YES;
				ONLY_ACTIVE_ARCH = YES;
				SDKROOT = iphoneos;
				SWIFT_ACTIVE_COMPILATION_CONDITIONS = DEBUG;
				SWIFT_OPTIMIZATION_LEVEL = "-Onone";
			};
			name = Debug;
		};
		65F3ECC2236A8062002C78DA /* Release */ = {
			isa = XCBuildConfiguration;
			buildSettings = {
				ALWAYS_SEARCH_USER_PATHS = NO;
				CLANG_ANALYZER_NONNULL = YES;
				CLANG_ANALYZER_NUMBER_OBJECT_CONVERSION = YES_AGGRESSIVE;
				CLANG_CXX_LANGUAGE_STANDARD = "gnu++14";
				CLANG_CXX_LIBRARY = "libc++";
				CLANG_ENABLE_MODULES = YES;
				CLANG_ENABLE_OBJC_ARC = YES;
				CLANG_ENABLE_OBJC_WEAK = YES;
				CLANG_WARN_BLOCK_CAPTURE_AUTORELEASING = YES;
				CLANG_WARN_BOOL_CONVERSION = YES;
				CLANG_WARN_COMMA = YES;
				CLANG_WARN_CONSTANT_CONVERSION = YES;
				CLANG_WARN_DEPRECATED_OBJC_IMPLEMENTATIONS = YES;
				CLANG_WARN_DIRECT_OBJC_ISA_USAGE = YES_ERROR;
				CLANG_WARN_DOCUMENTATION_COMMENTS = YES;
				CLANG_WARN_EMPTY_BODY = YES;
				CLANG_WARN_ENUM_CONVERSION = YES;
				CLANG_WARN_INFINITE_RECURSION = YES;
				CLANG_WARN_INT_CONVERSION = YES;
				CLANG_WARN_NON_LITERAL_NULL_CONVERSION = YES;
				CLANG_WARN_OBJC_IMPLICIT_RETAIN_SELF = YES;
				CLANG_WARN_OBJC_LITERAL_CONVERSION = YES;
				CLANG_WARN_OBJC_ROOT_CLASS = YES_ERROR;
				CLANG_WARN_RANGE_LOOP_ANALYSIS = YES;
				CLANG_WARN_STRICT_PROTOTYPES = YES;
				CLANG_WARN_SUSPICIOUS_MOVE = YES;
				CLANG_WARN_UNGUARDED_AVAILABILITY = YES_AGGRESSIVE;
				CLANG_WARN_UNREACHABLE_CODE = YES;
				CLANG_WARN__DUPLICATE_METHOD_MATCH = YES;
				CODE_SIGN_IDENTITY = "iPhone Developer";
				COPY_PHASE_STRIP = NO;
				DEBUG_INFORMATION_FORMAT = "dwarf-with-dsym";
				ENABLE_NS_ASSERTIONS = NO;
				ENABLE_STRICT_OBJC_MSGSEND = YES;
				GCC_C_LANGUAGE_STANDARD = gnu11;
				GCC_NO_COMMON_BLOCKS = YES;
				GCC_WARN_64_TO_32_BIT_CONVERSION = YES;
				GCC_WARN_ABOUT_RETURN_TYPE = YES_ERROR;
				GCC_WARN_UNDECLARED_SELECTOR = YES;
				GCC_WARN_UNINITIALIZED_AUTOS = YES_AGGRESSIVE;
				GCC_WARN_UNUSED_FUNCTION = YES;
				GCC_WARN_UNUSED_VARIABLE = YES;
				IPHONEOS_DEPLOYMENT_TARGET = 12.1;
				MTL_ENABLE_DEBUG_INFO = NO;
				MTL_FAST_MATH = YES;
				SDKROOT = iphoneos;
				SWIFT_COMPILATION_MODE = wholemodule;
				SWIFT_OPTIMIZATION_LEVEL = "-O";
				VALIDATE_PRODUCT = YES;
			};
			name = Release;
		};
		65F3ECC4236A8062002C78DA /* Debug */ = {
			isa = XCBuildConfiguration;
			buildSettings = {
				ASSETCATALOG_COMPILER_APPICON_NAME = AppIcon;
				CODE_SIGN_STYLE = Automatic;
				INFOPLIST_FILE = Relational/Info.plist;
				LD_RUNPATH_SEARCH_PATHS = (
					"$(inherited)",
					"@executable_path/Frameworks",
				);
				PRODUCT_BUNDLE_IDENTIFIER = swife.demo.Relational;
				PRODUCT_NAME = "$(TARGET_NAME)";
				SWIFT_VERSION = 5.0;
				TARGETED_DEVICE_FAMILY = "1,2";
			};
			name = Debug;
		};
		65F3ECC5236A8062002C78DA /* Release */ = {
			isa = XCBuildConfiguration;
			buildSettings = {
				ASSETCATALOG_COMPILER_APPICON_NAME = AppIcon;
				CODE_SIGN_STYLE = Automatic;
				INFOPLIST_FILE = Relational/Info.plist;
				LD_RUNPATH_SEARCH_PATHS = (
					"$(inherited)",
					"@executable_path/Frameworks",
				);
				PRODUCT_BUNDLE_IDENTIFIER = swife.demo.Relational;
				PRODUCT_NAME = "$(TARGET_NAME)";
				SWIFT_VERSION = 5.0;
				TARGETED_DEVICE_FAMILY = "1,2";
			};
			name = Release;
		};
		65F3ECC7236A8062002C78DA /* Debug */ = {
			isa = XCBuildConfiguration;
			buildSettings = {
				ALWAYS_EMBED_SWIFT_STANDARD_LIBRARIES = YES;
				BUNDLE_LOADER = "$(TEST_HOST)";
				CODE_SIGN_STYLE = Automatic;
				INFOPLIST_FILE = RelationalTests/Info.plist;
				LD_RUNPATH_SEARCH_PATHS = (
					"$(inherited)",
					"@executable_path/Frameworks",
					"@loader_path/Frameworks",
				);
				PRODUCT_BUNDLE_IDENTIFIER = swife.demo.RelationalTests;
				PRODUCT_NAME = "$(TARGET_NAME)";
				SWIFT_VERSION = 5.0;
				TARGETED_DEVICE_FAMILY = "1,2";
				TEST_HOST = "$(BUILT_PRODUCTS_DIR)/Relational.app/Relational";
			};
			name = Debug;
		};
		65F3ECC8236A8062002C78DA /* Release */ = {
			isa = XCBuildConfiguration;
			buildSettings = {
				ALWAYS_EMBED_SWIFT_STANDARD_LIBRARIES = YES;
				BUNDLE_LOADER = "$(TEST_HOST)";
				CODE_SIGN_STYLE = Automatic;
				INFOPLIST_FILE = RelationalTests/Info.plist;
				LD_RUNPATH_SEARCH_PATHS = (
					"$(inherited)",
					"@executable_path/Frameworks",
					"@loader_path/Frameworks",
				);
				PRODUCT_BUNDLE_IDENTIFIER = swife.demo.RelationalTests;
				PRODUCT_NAME = "$(TARGET_NAME)";
				SWIFT_VERSION = 5.0;
				TARGETED_DEVICE_FAMILY = "1,2";
				TEST_HOST = "$(BUILT_PRODUCTS_DIR)/Relational.app/Relational";
			};
			name = Release;
		};
		65F3ECCA236A8062002C78DA /* Debug */ = {
			isa = XCBuildConfiguration;
			buildSettings = {
				ALWAYS_EMBED_SWIFT_STANDARD_LIBRARIES = YES;
				CODE_SIGN_STYLE = Automatic;
				INFOPLIST_FILE = RelationalUITests/Info.plist;
				LD_RUNPATH_SEARCH_PATHS = (
					"$(inherited)",
					"@executable_path/Frameworks",
					"@loader_path/Frameworks",
				);
				PRODUCT_BUNDLE_IDENTIFIER = swife.demo.RelationalUITests;
				PRODUCT_NAME = "$(TARGET_NAME)";
				SWIFT_VERSION = 5.0;
				TARGETED_DEVICE_FAMILY = "1,2";
				TEST_TARGET_NAME = Relational;
			};
			name = Debug;
		};
		65F3ECCB236A8062002C78DA /* Release */ = {
			isa = XCBuildConfiguration;
			buildSettings = {
				ALWAYS_EMBED_SWIFT_STANDARD_LIBRARIES = YES;
				CODE_SIGN_STYLE = Automatic;
				INFOPLIST_FILE = RelationalUITests/Info.plist;
				LD_RUNPATH_SEARCH_PATHS = (
					"$(inherited)",
					"@executable_path/Frameworks",
					"@loader_path/Frameworks",
				);
				PRODUCT_BUNDLE_IDENTIFIER = swife.demo.RelationalUITests;
				PRODUCT_NAME = "$(TARGET_NAME)";
				SWIFT_VERSION = 5.0;
				TARGETED_DEVICE_FAMILY = "1,2";
				TEST_TARGET_NAME = Relational;
			};
			name = Release;
		};
/* End XCBuildConfiguration section */

/* Begin XCConfigurationList section */
		65F3EC96236A8060002C78DA /* Build configuration list for PBXProject "Relational" */ = {
			isa = XCConfigurationList;
			buildConfigurations = (
				65F3ECC1236A8062002C78DA /* Debug */,
				65F3ECC2236A8062002C78DA /* Release */,
			);
			defaultConfigurationIsVisible = 0;
			defaultConfigurationName = Release;
		};
		65F3ECC3236A8062002C78DA /* Build configuration list for PBXNativeTarget "Relational" */ = {
			isa = XCConfigurationList;
			buildConfigurations = (
				65F3ECC4236A8062002C78DA /* Debug */,
				65F3ECC5236A8062002C78DA /* Release */,
			);
			defaultConfigurationIsVisible = 0;
			defaultConfigurationName = Release;
		};
		65F3ECC6236A8062002C78DA /* Build configuration list for PBXNativeTarget "RelationalTests" */ = {
			isa = XCConfigurationList;
			buildConfigurations = (
				65F3ECC7236A8062002C78DA /* Debug */,
				65F3ECC8236A8062002C78DA /* Release */,
			);
			defaultConfigurationIsVisible = 0;
			defaultConfigurationName = Release;
		};
		65F3ECC9236A8062002C78DA /* Build configuration list for PBXNativeTarget "RelationalUITests" */ = {
			isa = XCConfigurationList;
			buildConfigurations = (
				65F3ECCA236A8062002C78DA /* Debug */,
				65F3ECCB236A8062002C78DA /* Release */,
			);
			defaultConfigurationIsVisible = 0;
			defaultConfigurationName = Release;
		};
/* End XCConfigurationList section */
	};
	rootObject = 65F3EC93236A8060002C78DA /* Project object */;
}
