// !$*UTF8*$!
{
	archiveVersion = 1;
	classes = {
	};
	objectVersion = 50;
	objects = {

/* Begin PBXBuildFile section */
		65262E06237CF146001C1B5C /* AppDelegate.swift in Sources */ = {isa = PBXBuildFile; fileRef = 65262E05237CF146001C1B5C /* AppDelegate.swift */; };
		65262E08237CF146001C1B5C /* SceneDelegate.swift in Sources */ = {isa = PBXBuildFile; fileRef = 65262E07237CF146001C1B5C /* SceneDelegate.swift */; };
		65262E0A237CF146001C1B5C /* ContentView.swift in Sources */ = {isa = PBXBuildFile; fileRef = 65262E09237CF146001C1B5C /* ContentView.swift */; };
		65262E0C237CF14A001C1B5C /* Assets.xcassets in Resources */ = {isa = PBXBuildFile; fileRef = 65262E0B237CF14A001C1B5C /* Assets.xcassets */; };
		65262E0F237CF14A001C1B5C /* Preview Assets.xcassets in Resources */ = {isa = PBXBuildFile; fileRef = 65262E0E237CF14A001C1B5C /* Preview Assets.xcassets */; };
		65262E12237CF14A001C1B5C /* LaunchScreen.storyboard in Resources */ = {isa = PBXBuildFile; fileRef = 65262E10237CF14A001C1B5C /* LaunchScreen.storyboard */; };
		65262E1D237CF14A001C1B5C /* RelationalTests.swift in Sources */ = {isa = PBXBuildFile; fileRef = 65262E1C237CF14A001C1B5C /* RelationalTests.swift */; };
		65262E28237CF14A001C1B5C /* RelationalUITests.swift in Sources */ = {isa = PBXBuildFile; fileRef = 65262E27237CF14A001C1B5C /* RelationalUITests.swift */; };
		E29559AB2385A5D300DFFE5B /* User.swift in Sources */ = {isa = PBXBuildFile; fileRef = E29559AA2385A5D300DFFE5B /* User.swift */; };
/* End PBXBuildFile section */

/* Begin PBXContainerItemProxy section */
		65262E19237CF14A001C1B5C /* PBXContainerItemProxy */ = {
			isa = PBXContainerItemProxy;
			containerPortal = 65262DFA237CF146001C1B5C /* Project object */;
			proxyType = 1;
			remoteGlobalIDString = 65262E01237CF146001C1B5C;
			remoteInfo = Relational;
		};
		65262E24237CF14A001C1B5C /* PBXContainerItemProxy */ = {
			isa = PBXContainerItemProxy;
			containerPortal = 65262DFA237CF146001C1B5C /* Project object */;
			proxyType = 1;
			remoteGlobalIDString = 65262E01237CF146001C1B5C;
			remoteInfo = Relational;
		};
/* End PBXContainerItemProxy section */

/* Begin PBXFileReference section */
		65262E02237CF146001C1B5C /* Relational.app */ = {isa = PBXFileReference; explicitFileType = wrapper.application; includeInIndex = 0; path = Relational.app; sourceTree = BUILT_PRODUCTS_DIR; };
		65262E05237CF146001C1B5C /* AppDelegate.swift */ = {isa = PBXFileReference; lastKnownFileType = sourcecode.swift; path = AppDelegate.swift; sourceTree = "<group>"; };
		65262E07237CF146001C1B5C /* SceneDelegate.swift */ = {isa = PBXFileReference; lastKnownFileType = sourcecode.swift; path = SceneDelegate.swift; sourceTree = "<group>"; };
		65262E09237CF146001C1B5C /* ContentView.swift */ = {isa = PBXFileReference; lastKnownFileType = sourcecode.swift; path = ContentView.swift; sourceTree = "<group>"; };
		65262E0B237CF14A001C1B5C /* Assets.xcassets */ = {isa = PBXFileReference; lastKnownFileType = folder.assetcatalog; path = Assets.xcassets; sourceTree = "<group>"; };
		65262E0E237CF14A001C1B5C /* Preview Assets.xcassets */ = {isa = PBXFileReference; lastKnownFileType = folder.assetcatalog; path = "Preview Assets.xcassets"; sourceTree = "<group>"; };
		65262E11237CF14A001C1B5C /* Base */ = {isa = PBXFileReference; lastKnownFileType = file.storyboard; name = Base; path = Base.lproj/LaunchScreen.storyboard; sourceTree = "<group>"; };
		65262E13237CF14A001C1B5C /* Info.plist */ = {isa = PBXFileReference; lastKnownFileType = text.plist.xml; path = Info.plist; sourceTree = "<group>"; };
		65262E18237CF14A001C1B5C /* RelationalTests.xctest */ = {isa = PBXFileReference; explicitFileType = wrapper.cfbundle; includeInIndex = 0; path = RelationalTests.xctest; sourceTree = BUILT_PRODUCTS_DIR; };
		65262E1C237CF14A001C1B5C /* RelationalTests.swift */ = {isa = PBXFileReference; lastKnownFileType = sourcecode.swift; path = RelationalTests.swift; sourceTree = "<group>"; };
		65262E1E237CF14A001C1B5C /* Info.plist */ = {isa = PBXFileReference; lastKnownFileType = text.plist.xml; path = Info.plist; sourceTree = "<group>"; };
		65262E23237CF14A001C1B5C /* RelationalUITests.xctest */ = {isa = PBXFileReference; explicitFileType = wrapper.cfbundle; includeInIndex = 0; path = RelationalUITests.xctest; sourceTree = BUILT_PRODUCTS_DIR; };
		65262E27237CF14A001C1B5C /* RelationalUITests.swift */ = {isa = PBXFileReference; lastKnownFileType = sourcecode.swift; path = RelationalUITests.swift; sourceTree = "<group>"; };
		65262E29237CF14A001C1B5C /* Info.plist */ = {isa = PBXFileReference; lastKnownFileType = text.plist.xml; path = Info.plist; sourceTree = "<group>"; };
		E29559AA2385A5D300DFFE5B /* User.swift */ = {isa = PBXFileReference; lastKnownFileType = sourcecode.swift; path = User.swift; sourceTree = "<group>"; };
/* End PBXFileReference section */

/* Begin PBXFrameworksBuildPhase section */
		65262DFF237CF146001C1B5C /* Frameworks */ = {
			isa = PBXFrameworksBuildPhase;
			buildActionMask = 2147483647;
			files = (
			);
			runOnlyForDeploymentPostprocessing = 0;
		};
		65262E15237CF14A001C1B5C /* Frameworks */ = {
			isa = PBXFrameworksBuildPhase;
			buildActionMask = 2147483647;
			files = (
			);
			runOnlyForDeploymentPostprocessing = 0;
		};
		65262E20237CF14A001C1B5C /* Frameworks */ = {
			isa = PBXFrameworksBuildPhase;
			buildActionMask = 2147483647;
			files = (
			);
			runOnlyForDeploymentPostprocessing = 0;
		};
/* End PBXFrameworksBuildPhase section */

/* Begin PBXGroup section */
		65262DF9237CF146001C1B5C = {
			isa = PBXGroup;
			children = (
				65262E04237CF146001C1B5C /* Relational */,
				65262E1B237CF14A001C1B5C /* RelationalTests */,
				65262E26237CF14A001C1B5C /* RelationalUITests */,
				65262E03237CF146001C1B5C /* Products */,
			);
			sourceTree = "<group>";
		};
		65262E03237CF146001C1B5C /* Products */ = {
			isa = PBXGroup;
			children = (
				65262E02237CF146001C1B5C /* Relational.app */,
				65262E18237CF14A001C1B5C /* RelationalTests.xctest */,
				65262E23237CF14A001C1B5C /* RelationalUITests.xctest */,
			);
			name = Products;
			sourceTree = "<group>";
		};
		65262E04237CF146001C1B5C /* Relational */ = {
			isa = PBXGroup;
			children = (
				E29559AA2385A5D300DFFE5B /* User.swift */,
				65262E05237CF146001C1B5C /* AppDelegate.swift */,
				65262E07237CF146001C1B5C /* SceneDelegate.swift */,
				65262E09237CF146001C1B5C /* ContentView.swift */,
				65262E0B237CF14A001C1B5C /* Assets.xcassets */,
				65262E10237CF14A001C1B5C /* LaunchScreen.storyboard */,
				65262E13237CF14A001C1B5C /* Info.plist */,
				65262E0D237CF14A001C1B5C /* Preview Content */,
			);
			path = Relational;
			sourceTree = "<group>";
		};
		65262E0D237CF14A001C1B5C /* Preview Content */ = {
			isa = PBXGroup;
			children = (
				65262E0E237CF14A001C1B5C /* Preview Assets.xcassets */,
			);
			path = "Preview Content";
			sourceTree = "<group>";
		};
		65262E1B237CF14A001C1B5C /* RelationalTests */ = {
			isa = PBXGroup;
			children = (
				65262E1C237CF14A001C1B5C /* RelationalTests.swift */,
				65262E1E237CF14A001C1B5C /* Info.plist */,
			);
			path = RelationalTests;
			sourceTree = "<group>";
		};
		65262E26237CF14A001C1B5C /* RelationalUITests */ = {
			isa = PBXGroup;
			children = (
				65262E27237CF14A001C1B5C /* RelationalUITests.swift */,
				65262E29237CF14A001C1B5C /* Info.plist */,
			);
			path = RelationalUITests;
			sourceTree = "<group>";
		};
/* End PBXGroup section */

/* Begin PBXNativeTarget section */
		65262E01237CF146001C1B5C /* Relational */ = {
			isa = PBXNativeTarget;
			buildConfigurationList = 65262E2C237CF14A001C1B5C /* Build configuration list for PBXNativeTarget "Relational" */;
			buildPhases = (
				65262DFE237CF146001C1B5C /* Sources */,
				65262DFF237CF146001C1B5C /* Frameworks */,
				65262E00237CF146001C1B5C /* Resources */,
			);
			buildRules = (
			);
			dependencies = (
			);
			name = Relational;
			productName = Relational;
			productReference = 65262E02237CF146001C1B5C /* Relational.app */;
			productType = "com.apple.product-type.application";
		};
		65262E17237CF14A001C1B5C /* RelationalTests */ = {
			isa = PBXNativeTarget;
			buildConfigurationList = 65262E2F237CF14A001C1B5C /* Build configuration list for PBXNativeTarget "RelationalTests" */;
			buildPhases = (
				65262E14237CF14A001C1B5C /* Sources */,
				65262E15237CF14A001C1B5C /* Frameworks */,
				65262E16237CF14A001C1B5C /* Resources */,
			);
			buildRules = (
			);
			dependencies = (
				65262E1A237CF14A001C1B5C /* PBXTargetDependency */,
			);
			name = RelationalTests;
			productName = RelationalTests;
			productReference = 65262E18237CF14A001C1B5C /* RelationalTests.xctest */;
			productType = "com.apple.product-type.bundle.unit-test";
		};
		65262E22237CF14A001C1B5C /* RelationalUITests */ = {
			isa = PBXNativeTarget;
			buildConfigurationList = 65262E32237CF14A001C1B5C /* Build configuration list for PBXNativeTarget "RelationalUITests" */;
			buildPhases = (
				65262E1F237CF14A001C1B5C /* Sources */,
				65262E20237CF14A001C1B5C /* Frameworks */,
				65262E21237CF14A001C1B5C /* Resources */,
			);
			buildRules = (
			);
			dependencies = (
				65262E25237CF14A001C1B5C /* PBXTargetDependency */,
			);
			name = RelationalUITests;
			productName = RelationalUITests;
			productReference = 65262E23237CF14A001C1B5C /* RelationalUITests.xctest */;
			productType = "com.apple.product-type.bundle.ui-testing";
		};
/* End PBXNativeTarget section */

/* Begin PBXProject section */
		65262DFA237CF146001C1B5C /* Project object */ = {
			isa = PBXProject;
			attributes = {
				LastSwiftUpdateCheck = 1120;
				LastUpgradeCheck = 1120;
				ORGANIZATIONNAME = "shinya yoshitaka";
				TargetAttributes = {
					65262E01237CF146001C1B5C = {
						CreatedOnToolsVersion = 11.2;
					};
					65262E17237CF14A001C1B5C = {
						CreatedOnToolsVersion = 11.2;
						TestTargetID = 65262E01237CF146001C1B5C;
					};
					65262E22237CF14A001C1B5C = {
						CreatedOnToolsVersion = 11.2;
						TestTargetID = 65262E01237CF146001C1B5C;
					};
				};
			};
			buildConfigurationList = 65262DFD237CF146001C1B5C /* Build configuration list for PBXProject "Relational" */;
			compatibilityVersion = "Xcode 9.3";
			developmentRegion = en;
			hasScannedForEncodings = 0;
			knownRegions = (
				en,
				Base,
			);
			mainGroup = 65262DF9237CF146001C1B5C;
			productRefGroup = 65262E03237CF146001C1B5C /* Products */;
			projectDirPath = "";
			projectRoot = "";
			targets = (
				65262E01237CF146001C1B5C /* Relational */,
				65262E17237CF14A001C1B5C /* RelationalTests */,
				65262E22237CF14A001C1B5C /* RelationalUITests */,
			);
		};
/* End PBXProject section */

/* Begin PBXResourcesBuildPhase section */
		65262E00237CF146001C1B5C /* Resources */ = {
			isa = PBXResourcesBuildPhase;
			buildActionMask = 2147483647;
			files = (
				65262E12237CF14A001C1B5C /* LaunchScreen.storyboard in Resources */,
				65262E0F237CF14A001C1B5C /* Preview Assets.xcassets in Resources */,
				65262E0C237CF14A001C1B5C /* Assets.xcassets in Resources */,
			);
			runOnlyForDeploymentPostprocessing = 0;
		};
		65262E16237CF14A001C1B5C /* Resources */ = {
			isa = PBXResourcesBuildPhase;
			buildActionMask = 2147483647;
			files = (
			);
			runOnlyForDeploymentPostprocessing = 0;
		};
		65262E21237CF14A001C1B5C /* Resources */ = {
			isa = PBXResourcesBuildPhase;
			buildActionMask = 2147483647;
			files = (
			);
			runOnlyForDeploymentPostprocessing = 0;
		};
/* End PBXResourcesBuildPhase section */

/* Begin PBXSourcesBuildPhase section */
		65262DFE237CF146001C1B5C /* Sources */ = {
			isa = PBXSourcesBuildPhase;
			buildActionMask = 2147483647;
			files = (
				E29559AB2385A5D300DFFE5B /* User.swift in Sources */,
				65262E06237CF146001C1B5C /* AppDelegate.swift in Sources */,
				65262E08237CF146001C1B5C /* SceneDelegate.swift in Sources */,
				65262E0A237CF146001C1B5C /* ContentView.swift in Sources */,
			);
			runOnlyForDeploymentPostprocessing = 0;
		};
		65262E14237CF14A001C1B5C /* Sources */ = {
			isa = PBXSourcesBuildPhase;
			buildActionMask = 2147483647;
			files = (
				65262E1D237CF14A001C1B5C /* RelationalTests.swift in Sources */,
			);
			runOnlyForDeploymentPostprocessing = 0;
		};
		65262E1F237CF14A001C1B5C /* Sources */ = {
			isa = PBXSourcesBuildPhase;
			buildActionMask = 2147483647;
			files = (
				65262E28237CF14A001C1B5C /* RelationalUITests.swift in Sources */,
			);
			runOnlyForDeploymentPostprocessing = 0;
		};
/* End PBXSourcesBuildPhase section */

/* Begin PBXTargetDependency section */
		65262E1A237CF14A001C1B5C /* PBXTargetDependency */ = {
			isa = PBXTargetDependency;
			target = 65262E01237CF146001C1B5C /* Relational */;
			targetProxy = 65262E19237CF14A001C1B5C /* PBXContainerItemProxy */;
		};
		65262E25237CF14A001C1B5C /* PBXTargetDependency */ = {
			isa = PBXTargetDependency;
			target = 65262E01237CF146001C1B5C /* Relational */;
			targetProxy = 65262E24237CF14A001C1B5C /* PBXContainerItemProxy */;
		};
/* End PBXTargetDependency section */

/* Begin PBXVariantGroup section */
		65262E10237CF14A001C1B5C /* LaunchScreen.storyboard */ = {
			isa = PBXVariantGroup;
			children = (
				65262E11237CF14A001C1B5C /* Base */,
			);
			name = LaunchScreen.storyboard;
			sourceTree = "<group>";
		};
/* End PBXVariantGroup section */

/* Begin XCBuildConfiguration section */
		65262E2A237CF14A001C1B5C /* Debug */ = {
			isa = XCBuildConfiguration;
			buildSettings = {
				ALWAYS_SEARCH_USER_PATHS = NO;
				CLANG_ANALYZER_NONNULL = YES;
				CLANG_ANALYZER_NUMBER_OBJECT_CONVERSION = YES_AGGRESSIVE;
				CLANG_CXX_LANGUAGE_STANDARD = "gnu++14";
				CLANG_CXX_LIBRARY = "libc++";
				CLANG_ENABLE_MODULES = YES;
				CLANG_ENABLE_OBJC_ARC = YES;
				CLANG_ENABLE_OBJC_WEAK = YES;
				CLANG_WARN_BLOCK_CAPTURE_AUTORELEASING = YES;
				CLANG_WARN_BOOL_CONVERSION = YES;
				CLANG_WARN_COMMA = YES;
				CLANG_WARN_CONSTANT_CONVERSION = YES;
				CLANG_WARN_DEPRECATED_OBJC_IMPLEMENTATIONS = YES;
				CLANG_WARN_DIRECT_OBJC_ISA_USAGE = YES_ERROR;
				CLANG_WARN_DOCUMENTATION_COMMENTS = YES;
				CLANG_WARN_EMPTY_BODY = YES;
				CLANG_WARN_ENUM_CONVERSION = YES;
				CLANG_WARN_INFINITE_RECURSION = YES;
				CLANG_WARN_INT_CONVERSION = YES;
				CLANG_WARN_NON_LITERAL_NULL_CONVERSION = YES;
				CLANG_WARN_OBJC_IMPLICIT_RETAIN_SELF = YES;
				CLANG_WARN_OBJC_LITERAL_CONVERSION = YES;
				CLANG_WARN_OBJC_ROOT_CLASS = YES_ERROR;
				CLANG_WARN_RANGE_LOOP_ANALYSIS = YES;
				CLANG_WARN_STRICT_PROTOTYPES = YES;
				CLANG_WARN_SUSPICIOUS_MOVE = YES;
				CLANG_WARN_UNGUARDED_AVAILABILITY = YES_AGGRESSIVE;
				CLANG_WARN_UNREACHABLE_CODE = YES;
				CLANG_WARN__DUPLICATE_METHOD_MATCH = YES;
				COPY_PHASE_STRIP = NO;
				DEBUG_INFORMATION_FORMAT = dwarf;
				ENABLE_STRICT_OBJC_MSGSEND = YES;
				ENABLE_TESTABILITY = YES;
				GCC_C_LANGUAGE_STANDARD = gnu11;
				GCC_DYNAMIC_NO_PIC = NO;
				GCC_NO_COMMON_BLOCKS = YES;
				GCC_OPTIMIZATION_LEVEL = 0;
				GCC_PREPROCESSOR_DEFINITIONS = (
					"DEBUG=1",
					"$(inherited)",
				);
				GCC_WARN_64_TO_32_BIT_CONVERSION = YES;
				GCC_WARN_ABOUT_RETURN_TYPE = YES_ERROR;
				GCC_WARN_UNDECLARED_SELECTOR = YES;
				GCC_WARN_UNINITIALIZED_AUTOS = YES_AGGRESSIVE;
				GCC_WARN_UNUSED_FUNCTION = YES;
				GCC_WARN_UNUSED_VARIABLE = YES;
				IPHONEOS_DEPLOYMENT_TARGET = 13.2;
				MTL_ENABLE_DEBUG_INFO = INCLUDE_SOURCE;
				MTL_FAST_MATH = YES;
				ONLY_ACTIVE_ARCH = YES;
				SDKROOT = iphoneos;
				SWIFT_ACTIVE_COMPILATION_CONDITIONS = DEBUG;
				SWIFT_OPTIMIZATION_LEVEL = "-Onone";
			};
			name = Debug;
		};
		65262E2B237CF14A001C1B5C /* Release */ = {
			isa = XCBuildConfiguration;
			buildSettings = {
				ALWAYS_SEARCH_USER_PATHS = NO;
				CLANG_ANALYZER_NONNULL = YES;
				CLANG_ANALYZER_NUMBER_OBJECT_CONVERSION = YES_AGGRESSIVE;
				CLANG_CXX_LANGUAGE_STANDARD = "gnu++14";
				CLANG_CXX_LIBRARY = "libc++";
				CLANG_ENABLE_MODULES = YES;
				CLANG_ENABLE_OBJC_ARC = YES;
				CLANG_ENABLE_OBJC_WEAK = YES;
				CLANG_WARN_BLOCK_CAPTURE_AUTORELEASING = YES;
				CLANG_WARN_BOOL_CONVERSION = YES;
				CLANG_WARN_COMMA = YES;
				CLANG_WARN_CONSTANT_CONVERSION = YES;
				CLANG_WARN_DEPRECATED_OBJC_IMPLEMENTATIONS = YES;
				CLANG_WARN_DIRECT_OBJC_ISA_USAGE = YES_ERROR;
				CLANG_WARN_DOCUMENTATION_COMMENTS = YES;
				CLANG_WARN_EMPTY_BODY = YES;
				CLANG_WARN_ENUM_CONVERSION = YES;
				CLANG_WARN_INFINITE_RECURSION = YES;
				CLANG_WARN_INT_CONVERSION = YES;
				CLANG_WARN_NON_LITERAL_NULL_CONVERSION = YES;
				CLANG_WARN_OBJC_IMPLICIT_RETAIN_SELF = YES;
				CLANG_WARN_OBJC_LITERAL_CONVERSION = YES;
				CLANG_WARN_OBJC_ROOT_CLASS = YES_ERROR;
				CLANG_WARN_RANGE_LOOP_ANALYSIS = YES;
				CLANG_WARN_STRICT_PROTOTYPES = YES;
				CLANG_WARN_SUSPICIOUS_MOVE = YES;
				CLANG_WARN_UNGUARDED_AVAILABILITY = YES_AGGRESSIVE;
				CLANG_WARN_UNREACHABLE_CODE = YES;
				CLANG_WARN__DUPLICATE_METHOD_MATCH = YES;
				COPY_PHASE_STRIP = NO;
				DEBUG_INFORMATION_FORMAT = "dwarf-with-dsym";
				ENABLE_NS_ASSERTIONS = NO;
				ENABLE_STRICT_OBJC_MSGSEND = YES;
				GCC_C_LANGUAGE_STANDARD = gnu11;
				GCC_NO_COMMON_BLOCKS = YES;
				GCC_WARN_64_TO_32_BIT_CONVERSION = YES;
				GCC_WARN_ABOUT_RETURN_TYPE = YES_ERROR;
				GCC_WARN_UNDECLARED_SELECTOR = YES;
				GCC_WARN_UNINITIALIZED_AUTOS = YES_AGGRESSIVE;
				GCC_WARN_UNUSED_FUNCTION = YES;
				GCC_WARN_UNUSED_VARIABLE = YES;
				IPHONEOS_DEPLOYMENT_TARGET = 13.2;
				MTL_ENABLE_DEBUG_INFO = NO;
				MTL_FAST_MATH = YES;
				SDKROOT = iphoneos;
				SWIFT_COMPILATION_MODE = wholemodule;
				SWIFT_OPTIMIZATION_LEVEL = "-O";
				VALIDATE_PRODUCT = YES;
			};
			name = Release;
		};
		65262E2D237CF14A001C1B5C /* Debug */ = {
			isa = XCBuildConfiguration;
			buildSettings = {
				ASSETCATALOG_COMPILER_APPICON_NAME = AppIcon;
				CODE_SIGN_STYLE = Automatic;
				DEVELOPMENT_ASSET_PATHS = "\"Relational/Preview Content\"";
				ENABLE_PREVIEWS = YES;
				INFOPLIST_FILE = Relational/Info.plist;
				LD_RUNPATH_SEARCH_PATHS = (
					"$(inherited)",
					"@executable_path/Frameworks",
				);
				PRODUCT_BUNDLE_IDENTIFIER = swife.demo.Relational;
				PRODUCT_NAME = "$(TARGET_NAME)";
				SWIFT_VERSION = 5.0;
				TARGETED_DEVICE_FAMILY = "1,2";
			};
			name = Debug;
		};
		65262E2E237CF14A001C1B5C /* Release */ = {
			isa = XCBuildConfiguration;
			buildSettings = {
				ASSETCATALOG_COMPILER_APPICON_NAME = AppIcon;
				CODE_SIGN_STYLE = Automatic;
				DEVELOPMENT_ASSET_PATHS = "\"Relational/Preview Content\"";
				ENABLE_PREVIEWS = YES;
				INFOPLIST_FILE = Relational/Info.plist;
				LD_RUNPATH_SEARCH_PATHS = (
					"$(inherited)",
					"@executable_path/Frameworks",
				);
				PRODUCT_BUNDLE_IDENTIFIER = swife.demo.Relational;
				PRODUCT_NAME = "$(TARGET_NAME)";
				SWIFT_VERSION = 5.0;
				TARGETED_DEVICE_FAMILY = "1,2";
			};
			name = Release;
		};
		65262E30237CF14A001C1B5C /* Debug */ = {
			isa = XCBuildConfiguration;
			buildSettings = {
				ALWAYS_EMBED_SWIFT_STANDARD_LIBRARIES = YES;
				BUNDLE_LOADER = "$(TEST_HOST)";
				CODE_SIGN_STYLE = Automatic;
				INFOPLIST_FILE = RelationalTests/Info.plist;
				IPHONEOS_DEPLOYMENT_TARGET = 13.2;
				LD_RUNPATH_SEARCH_PATHS = (
					"$(inherited)",
					"@executable_path/Frameworks",
					"@loader_path/Frameworks",
				);
				PRODUCT_BUNDLE_IDENTIFIER = swife.demo.RelationalTests;
				PRODUCT_NAME = "$(TARGET_NAME)";
				SWIFT_VERSION = 5.0;
				TARGETED_DEVICE_FAMILY = "1,2";
				TEST_HOST = "$(BUILT_PRODUCTS_DIR)/Relational.app/Relational";
			};
			name = Debug;
		};
		65262E31237CF14A001C1B5C /* Release */ = {
			isa = XCBuildConfiguration;
			buildSettings = {
				ALWAYS_EMBED_SWIFT_STANDARD_LIBRARIES = YES;
				BUNDLE_LOADER = "$(TEST_HOST)";
				CODE_SIGN_STYLE = Automatic;
				INFOPLIST_FILE = RelationalTests/Info.plist;
				IPHONEOS_DEPLOYMENT_TARGET = 13.2;
				LD_RUNPATH_SEARCH_PATHS = (
					"$(inherited)",
					"@executable_path/Frameworks",
					"@loader_path/Frameworks",
				);
				PRODUCT_BUNDLE_IDENTIFIER = swife.demo.RelationalTests;
				PRODUCT_NAME = "$(TARGET_NAME)";
				SWIFT_VERSION = 5.0;
				TARGETED_DEVICE_FAMILY = "1,2";
				TEST_HOST = "$(BUILT_PRODUCTS_DIR)/Relational.app/Relational";
			};
			name = Release;
		};
		65262E33237CF14A001C1B5C /* Debug */ = {
			isa = XCBuildConfiguration;
			buildSettings = {
				ALWAYS_EMBED_SWIFT_STANDARD_LIBRARIES = YES;
				CODE_SIGN_STYLE = Automatic;
				INFOPLIST_FILE = RelationalUITests/Info.plist;
				LD_RUNPATH_SEARCH_PATHS = (
					"$(inherited)",
					"@executable_path/Frameworks",
					"@loader_path/Frameworks",
				);
				PRODUCT_BUNDLE_IDENTIFIER = swife.demo.RelationalUITests;
				PRODUCT_NAME = "$(TARGET_NAME)";
				SWIFT_VERSION = 5.0;
				TARGETED_DEVICE_FAMILY = "1,2";
				TEST_TARGET_NAME = Relational;
			};
			name = Debug;
		};
		65262E34237CF14A001C1B5C /* Release */ = {
			isa = XCBuildConfiguration;
			buildSettings = {
				ALWAYS_EMBED_SWIFT_STANDARD_LIBRARIES = YES;
				CODE_SIGN_STYLE = Automatic;
				INFOPLIST_FILE = RelationalUITests/Info.plist;
				LD_RUNPATH_SEARCH_PATHS = (
					"$(inherited)",
					"@executable_path/Frameworks",
					"@loader_path/Frameworks",
				);
				PRODUCT_BUNDLE_IDENTIFIER = swife.demo.RelationalUITests;
				PRODUCT_NAME = "$(TARGET_NAME)";
				SWIFT_VERSION = 5.0;
				TARGETED_DEVICE_FAMILY = "1,2";
				TEST_TARGET_NAME = Relational;
			};
			name = Release;
		};
/* End XCBuildConfiguration section */

/* Begin XCConfigurationList section */
		65262DFD237CF146001C1B5C /* Build configuration list for PBXProject "Relational" */ = {
			isa = XCConfigurationList;
			buildConfigurations = (
				65262E2A237CF14A001C1B5C /* Debug */,
				65262E2B237CF14A001C1B5C /* Release */,
			);
			defaultConfigurationIsVisible = 0;
			defaultConfigurationName = Release;
		};
		65262E2C237CF14A001C1B5C /* Build configuration list for PBXNativeTarget "Relational" */ = {
			isa = XCConfigurationList;
			buildConfigurations = (
				65262E2D237CF14A001C1B5C /* Debug */,
				65262E2E237CF14A001C1B5C /* Release */,
			);
			defaultConfigurationIsVisible = 0;
			defaultConfigurationName = Release;
		};
		65262E2F237CF14A001C1B5C /* Build configuration list for PBXNativeTarget "RelationalTests" */ = {
			isa = XCConfigurationList;
			buildConfigurations = (
				65262E30237CF14A001C1B5C /* Debug */,
				65262E31237CF14A001C1B5C /* Release */,
			);
			defaultConfigurationIsVisible = 0;
			defaultConfigurationName = Release;
		};
		65262E32237CF14A001C1B5C /* Build configuration list for PBXNativeTarget "RelationalUITests" */ = {
			isa = XCConfigurationList;
			buildConfigurations = (
				65262E33237CF14A001C1B5C /* Debug */,
				65262E34237CF14A001C1B5C /* Release */,
			);
			defaultConfigurationIsVisible = 0;
			defaultConfigurationName = Release;
		};
/* End XCConfigurationList section */
	};
	rootObject = 65262DFA237CF146001C1B5C /* Project object */;
}
