// !$*UTF8*$!
{
	archiveVersion = 1;
	classes = {
	};
	objectVersion = 52;
	objects = {

/* Begin PBXBuildFile section */
		136401E142551DC43BD2C763 /* Pods_Relational_RelationalUITests.framework in Frameworks */ = {isa = PBXBuildFile; fileRef = 9A929EF71907971DB4A7B74D /* Pods_Relational_RelationalUITests.framework */; };
		2305A5EE238CE0FD00018924 /* SignUpView.swift in Sources */ = {isa = PBXBuildFile; fileRef = 2305A5ED238CE0FD00018924 /* SignUpView.swift */; };
		231426B923C6C6B900762883 /* SearchBarView.swift in Sources */ = {isa = PBXBuildFile; fileRef = 231426B823C6C6B800762883 /* SearchBarView.swift */; };
		51065CD881B989AB232C634D /* Pods_RelationalTests.framework in Frameworks */ = {isa = PBXBuildFile; fileRef = 095EBC2F60F5A56D281B9258 /* Pods_RelationalTests.framework */; };
		65262E06237CF146001C1B5C /* AppDelegate.swift in Sources */ = {isa = PBXBuildFile; fileRef = 65262E05237CF146001C1B5C /* AppDelegate.swift */; };
		65262E08237CF146001C1B5C /* SceneDelegate.swift in Sources */ = {isa = PBXBuildFile; fileRef = 65262E07237CF146001C1B5C /* SceneDelegate.swift */; };
		65262E0C237CF14A001C1B5C /* Assets.xcassets in Resources */ = {isa = PBXBuildFile; fileRef = 65262E0B237CF14A001C1B5C /* Assets.xcassets */; };
		65262E0F237CF14A001C1B5C /* Preview Assets.xcassets in Resources */ = {isa = PBXBuildFile; fileRef = 65262E0E237CF14A001C1B5C /* Preview Assets.xcassets */; };
		65262E12237CF14A001C1B5C /* LaunchScreen.storyboard in Resources */ = {isa = PBXBuildFile; fileRef = 65262E10237CF14A001C1B5C /* LaunchScreen.storyboard */; };
		65262E1D237CF14A001C1B5C /* RelationalTests.swift in Sources */ = {isa = PBXBuildFile; fileRef = 65262E1C237CF14A001C1B5C /* RelationalTests.swift */; };
		65262E28237CF14A001C1B5C /* RelationalUITests.swift in Sources */ = {isa = PBXBuildFile; fileRef = 65262E27237CF14A001C1B5C /* RelationalUITests.swift */; };
		65BF3ECB23EF1FC100A69973 /* SDWebImageSwiftUI in Frameworks */ = {isa = PBXBuildFile; productRef = 65BF3ECA23EF1FC100A69973 /* SDWebImageSwiftUI */; };
		65C40D072388C6A50059F047 /* landmarkData.json in Resources */ = {isa = PBXBuildFile; fileRef = 65C40CFA2388C6A40059F047 /* landmarkData.json */; };
		A407CF7B23F27F8200A2CDE1 /* SignChangeView.swift in Sources */ = {isa = PBXBuildFile; fileRef = A407CF7A23F27F8200A2CDE1 /* SignChangeView.swift */; };
		C432A5334ECD903DA0A742BF /* Pods_Relational.framework in Frameworks */ = {isa = PBXBuildFile; fileRef = B92D80D6D1A79683B33813E9 /* Pods_Relational.framework */; };
		E24689EA2389369100E8956A /* GoogleService-Info.plist in Resources */ = {isa = PBXBuildFile; fileRef = E24689E92389369000E8956A /* GoogleService-Info.plist */; };
		E2A80915239500F1002525FF /* SignIn.swift in Sources */ = {isa = PBXBuildFile; fileRef = E2A80914239500F1002525FF /* SignIn.swift */; };
		E2A8EA2B23A0B822000DEDC8 /* ContentView.swift in Sources */ = {isa = PBXBuildFile; fileRef = E2A8EA2A23A0B822000DEDC8 /* ContentView.swift */; };
		E2A8EA2F23A0BDF1000DEDC8 /* HomeView.swift in Sources */ = {isa = PBXBuildFile; fileRef = E2A8EA2E23A0BDF1000DEDC8 /* HomeView.swift */; };
		E2A8EA3623A0C52B000DEDC8 /* SignInViewModel.swift in Sources */ = {isa = PBXBuildFile; fileRef = E2A8EA3523A0C52B000DEDC8 /* SignInViewModel.swift */; };
		E2A8EA3823A0C617000DEDC8 /* HomeViewModel.swift in Sources */ = {isa = PBXBuildFile; fileRef = E2A8EA3723A0C617000DEDC8 /* HomeViewModel.swift */; };
/* End PBXBuildFile section */

/* Begin PBXContainerItemProxy section */
		65262E19237CF14A001C1B5C /* PBXContainerItemProxy */ = {
			isa = PBXContainerItemProxy;
			containerPortal = 65262DFA237CF146001C1B5C /* Project object */;
			proxyType = 1;
			remoteGlobalIDString = 65262E01237CF146001C1B5C;
			remoteInfo = Relational;
		};
		65262E24237CF14A001C1B5C /* PBXContainerItemProxy */ = {
			isa = PBXContainerItemProxy;
			containerPortal = 65262DFA237CF146001C1B5C /* Project object */;
			proxyType = 1;
			remoteGlobalIDString = 65262E01237CF146001C1B5C;
			remoteInfo = Relational;
		};
/* End PBXContainerItemProxy section */

/* Begin PBXFileReference section */
		095EBC2F60F5A56D281B9258 /* Pods_RelationalTests.framework */ = {isa = PBXFileReference; explicitFileType = wrapper.framework; includeInIndex = 0; path = Pods_RelationalTests.framework; sourceTree = BUILT_PRODUCTS_DIR; };
		0B6D5FB1EB56315B52BD0F2C /* Pods-Relational-RelationalUITests.release.xcconfig */ = {isa = PBXFileReference; includeInIndex = 1; lastKnownFileType = text.xcconfig; name = "Pods-Relational-RelationalUITests.release.xcconfig"; path = "Target Support Files/Pods-Relational-RelationalUITests/Pods-Relational-RelationalUITests.release.xcconfig"; sourceTree = "<group>"; };
		2305A5ED238CE0FD00018924 /* SignUpView.swift */ = {isa = PBXFileReference; lastKnownFileType = sourcecode.swift; path = SignUpView.swift; sourceTree = "<group>"; };
		231426B823C6C6B800762883 /* SearchBarView.swift */ = {isa = PBXFileReference; fileEncoding = 4; lastKnownFileType = sourcecode.swift; path = SearchBarView.swift; sourceTree = "<group>"; };
		544AB574E35D622D8AE1DE31 /* Pods-Relational-RelationalUITests.debug.xcconfig */ = {isa = PBXFileReference; includeInIndex = 1; lastKnownFileType = text.xcconfig; name = "Pods-Relational-RelationalUITests.debug.xcconfig"; path = "Target Support Files/Pods-Relational-RelationalUITests/Pods-Relational-RelationalUITests.debug.xcconfig"; sourceTree = "<group>"; };
		626B7CAD0F6542D2DCE31586 /* Pods-RelationalTests.release.xcconfig */ = {isa = PBXFileReference; includeInIndex = 1; lastKnownFileType = text.xcconfig; name = "Pods-RelationalTests.release.xcconfig"; path = "Target Support Files/Pods-RelationalTests/Pods-RelationalTests.release.xcconfig"; sourceTree = "<group>"; };
		65262E02237CF146001C1B5C /* Relational.app */ = {isa = PBXFileReference; explicitFileType = wrapper.application; includeInIndex = 0; path = Relational.app; sourceTree = BUILT_PRODUCTS_DIR; };
		65262E05237CF146001C1B5C /* AppDelegate.swift */ = {isa = PBXFileReference; lastKnownFileType = sourcecode.swift; path = AppDelegate.swift; sourceTree = "<group>"; };
		65262E07237CF146001C1B5C /* SceneDelegate.swift */ = {isa = PBXFileReference; lastKnownFileType = sourcecode.swift; path = SceneDelegate.swift; sourceTree = "<group>"; };
		65262E0B237CF14A001C1B5C /* Assets.xcassets */ = {isa = PBXFileReference; lastKnownFileType = folder.assetcatalog; path = Assets.xcassets; sourceTree = "<group>"; };
		65262E0E237CF14A001C1B5C /* Preview Assets.xcassets */ = {isa = PBXFileReference; lastKnownFileType = folder.assetcatalog; path = "Preview Assets.xcassets"; sourceTree = "<group>"; };
		65262E11237CF14A001C1B5C /* Base */ = {isa = PBXFileReference; lastKnownFileType = file.storyboard; name = Base; path = Base.lproj/LaunchScreen.storyboard; sourceTree = "<group>"; };
		65262E13237CF14A001C1B5C /* Info.plist */ = {isa = PBXFileReference; lastKnownFileType = text.plist.xml; path = Info.plist; sourceTree = "<group>"; };
		65262E18237CF14A001C1B5C /* RelationalTests.xctest */ = {isa = PBXFileReference; explicitFileType = wrapper.cfbundle; includeInIndex = 0; path = RelationalTests.xctest; sourceTree = BUILT_PRODUCTS_DIR; };
		65262E1C237CF14A001C1B5C /* RelationalTests.swift */ = {isa = PBXFileReference; lastKnownFileType = sourcecode.swift; path = RelationalTests.swift; sourceTree = "<group>"; };
		65262E1E237CF14A001C1B5C /* Info.plist */ = {isa = PBXFileReference; lastKnownFileType = text.plist.xml; path = Info.plist; sourceTree = "<group>"; };
		65262E23237CF14A001C1B5C /* RelationalUITests.xctest */ = {isa = PBXFileReference; explicitFileType = wrapper.cfbundle; includeInIndex = 0; path = RelationalUITests.xctest; sourceTree = BUILT_PRODUCTS_DIR; };
		65262E27237CF14A001C1B5C /* RelationalUITests.swift */ = {isa = PBXFileReference; lastKnownFileType = sourcecode.swift; path = RelationalUITests.swift; sourceTree = "<group>"; };
		65262E29237CF14A001C1B5C /* Info.plist */ = {isa = PBXFileReference; lastKnownFileType = text.plist.xml; path = Info.plist; sourceTree = "<group>"; };
		65C40CF32388C6A40059F047 /* turtlerock.jpg */ = {isa = PBXFileReference; lastKnownFileType = image.jpeg; path = turtlerock.jpg; sourceTree = "<group>"; };
		65C40CF42388C6A40059F047 /* silversalmoncreek.jpg */ = {isa = PBXFileReference; lastKnownFileType = image.jpeg; path = silversalmoncreek.jpg; sourceTree = "<group>"; };
		65C40CF52388C6A40059F047 /* icybay.jpg */ = {isa = PBXFileReference; lastKnownFileType = image.jpeg; path = icybay.jpg; sourceTree = "<group>"; };
		65C40CF62388C6A40059F047 /* lakemcdonald.jpg */ = {isa = PBXFileReference; lastKnownFileType = image.jpeg; path = lakemcdonald.jpg; sourceTree = "<group>"; };
		65C40CF72388C6A40059F047 /* hiddenlake.jpg */ = {isa = PBXFileReference; lastKnownFileType = image.jpeg; path = hiddenlake.jpg; sourceTree = "<group>"; };
		65C40CF82388C6A40059F047 /* twinlake.jpg */ = {isa = PBXFileReference; lastKnownFileType = image.jpeg; path = twinlake.jpg; sourceTree = "<group>"; };
		65C40CF92388C6A40059F047 /* umbagog.jpg */ = {isa = PBXFileReference; lastKnownFileType = image.jpeg; path = umbagog.jpg; sourceTree = "<group>"; };
		65C40CFA2388C6A40059F047 /* landmarkData.json */ = {isa = PBXFileReference; fileEncoding = 4; lastKnownFileType = text.json; path = landmarkData.json; sourceTree = "<group>"; };
		65C40CFB2388C6A40059F047 /* chincoteague.jpg */ = {isa = PBXFileReference; lastKnownFileType = image.jpeg; path = chincoteague.jpg; sourceTree = "<group>"; };
		65C40CFC2388C6A40059F047 /* yukon_charleyrivers.jpg */ = {isa = PBXFileReference; lastKnownFileType = image.jpeg; path = yukon_charleyrivers.jpg; sourceTree = "<group>"; };
		65C40CFD2388C6A40059F047 /* stmarylake.jpg */ = {isa = PBXFileReference; lastKnownFileType = image.jpeg; path = stmarylake.jpg; sourceTree = "<group>"; };
		65C40CFE2388C6A40059F047 /* chilkoottrail.jpg */ = {isa = PBXFileReference; lastKnownFileType = image.jpeg; path = chilkoottrail.jpg; sourceTree = "<group>"; };
		65C40CFF2388C6A40059F047 /* rainbowlake.jpg */ = {isa = PBXFileReference; lastKnownFileType = image.jpeg; path = rainbowlake.jpg; sourceTree = "<group>"; };
		9A929EF71907971DB4A7B74D /* Pods_Relational_RelationalUITests.framework */ = {isa = PBXFileReference; explicitFileType = wrapper.framework; includeInIndex = 0; path = Pods_Relational_RelationalUITests.framework; sourceTree = BUILT_PRODUCTS_DIR; };
		A2A988753D1CD61EA31F66EC /* Pods-RelationalTests.debug.xcconfig */ = {isa = PBXFileReference; includeInIndex = 1; lastKnownFileType = text.xcconfig; name = "Pods-RelationalTests.debug.xcconfig"; path = "Target Support Files/Pods-RelationalTests/Pods-RelationalTests.debug.xcconfig"; sourceTree = "<group>"; };
		A407CF7A23F27F8200A2CDE1 /* SignChangeView.swift */ = {isa = PBXFileReference; lastKnownFileType = sourcecode.swift; name = SignChangeView.swift; path = ../SignChangeView.swift; sourceTree = "<group>"; };
		A4439D5623E9B70E007E51AF /* SignChangeViewModel.swift */ = {isa = PBXFileReference; lastKnownFileType = sourcecode.swift; path = SignChangeViewModel.swift; sourceTree = "<group>"; };
		A987F14F74F3E730E561F6A0 /* Pods-Relational.release.xcconfig */ = {isa = PBXFileReference; includeInIndex = 1; lastKnownFileType = text.xcconfig; name = "Pods-Relational.release.xcconfig"; path = "Target Support Files/Pods-Relational/Pods-Relational.release.xcconfig"; sourceTree = "<group>"; };
		B92D80D6D1A79683B33813E9 /* Pods_Relational.framework */ = {isa = PBXFileReference; explicitFileType = wrapper.framework; includeInIndex = 0; path = Pods_Relational.framework; sourceTree = BUILT_PRODUCTS_DIR; };
		D4CDFF9161ECC91690561BE1 /* Pods-Relational.debug.xcconfig */ = {isa = PBXFileReference; includeInIndex = 1; lastKnownFileType = text.xcconfig; name = "Pods-Relational.debug.xcconfig"; path = "Target Support Files/Pods-Relational/Pods-Relational.debug.xcconfig"; sourceTree = "<group>"; };
		E24689E92389369000E8956A /* GoogleService-Info.plist */ = {isa = PBXFileReference; fileEncoding = 4; lastKnownFileType = text.plist.xml; path = "GoogleService-Info.plist"; sourceTree = "<group>"; };
		E2A80914239500F1002525FF /* SignIn.swift */ = {isa = PBXFileReference; lastKnownFileType = sourcecode.swift; path = SignIn.swift; sourceTree = "<group>"; };
		E2A8EA2A23A0B822000DEDC8 /* ContentView.swift */ = {isa = PBXFileReference; lastKnownFileType = sourcecode.swift; path = ContentView.swift; sourceTree = "<group>"; };
		E2A8EA2E23A0BDF1000DEDC8 /* HomeView.swift */ = {isa = PBXFileReference; lastKnownFileType = sourcecode.swift; path = HomeView.swift; sourceTree = "<group>"; };
		E2A8EA3523A0C52B000DEDC8 /* SignInViewModel.swift */ = {isa = PBXFileReference; lastKnownFileType = sourcecode.swift; path = SignInViewModel.swift; sourceTree = "<group>"; };
		E2A8EA3723A0C617000DEDC8 /* HomeViewModel.swift */ = {isa = PBXFileReference; lastKnownFileType = sourcecode.swift; path = HomeViewModel.swift; sourceTree = "<group>"; };
/* End PBXFileReference section */

/* Begin PBXFrameworksBuildPhase section */
		65262DFF237CF146001C1B5C /* Frameworks */ = {
			isa = PBXFrameworksBuildPhase;
			buildActionMask = 2147483647;
			files = (
				65BF3ECB23EF1FC100A69973 /* SDWebImageSwiftUI in Frameworks */,
				C432A5334ECD903DA0A742BF /* Pods_Relational.framework in Frameworks */,
			);
			runOnlyForDeploymentPostprocessing = 0;
		};
		65262E15237CF14A001C1B5C /* Frameworks */ = {
			isa = PBXFrameworksBuildPhase;
			buildActionMask = 2147483647;
			files = (
				51065CD881B989AB232C634D /* Pods_RelationalTests.framework in Frameworks */,
			);
			runOnlyForDeploymentPostprocessing = 0;
		};
		65262E20237CF14A001C1B5C /* Frameworks */ = {
			isa = PBXFrameworksBuildPhase;
			buildActionMask = 2147483647;
			files = (
				136401E142551DC43BD2C763 /* Pods_Relational_RelationalUITests.framework in Frameworks */,
			);
			runOnlyForDeploymentPostprocessing = 0;
		};
/* End PBXFrameworksBuildPhase section */

/* Begin PBXGroup section */
		65262DF9237CF146001C1B5C = {
			isa = PBXGroup;
			children = (
				65262E04237CF146001C1B5C /* Relational */,
				65262E1B237CF14A001C1B5C /* RelationalTests */,
				65262E26237CF14A001C1B5C /* RelationalUITests */,
				65262E03237CF146001C1B5C /* Products */,
				DE5736DA434C9FC782B3131F /* Pods */,
				9A3BBD90594EA17C6C0830F5 /* Frameworks */,
			);
			sourceTree = "<group>";
		};
		65262E03237CF146001C1B5C /* Products */ = {
			isa = PBXGroup;
			children = (
				65262E02237CF146001C1B5C /* Relational.app */,
				65262E18237CF14A001C1B5C /* RelationalTests.xctest */,
				65262E23237CF14A001C1B5C /* RelationalUITests.xctest */,
			);
			name = Products;
			sourceTree = "<group>";
		};
		65262E04237CF146001C1B5C /* Relational */ = {
			isa = PBXGroup;
			children = (
				E2A8EA3423A0C426000DEDC8 /* ViewM */,
				E24689E92389369000E8956A /* GoogleService-Info.plist */,
				65C40D0D2388C6AC0059F047 /* Supporting Views */,
				65C40CF22388C6A40059F047 /* Resources */,
				65C40CEB2388C67B0059F047 /* Models */,
				A407CF7A23F27F8200A2CDE1 /* SignChangeView.swift */,
				65262E05237CF146001C1B5C /* AppDelegate.swift */,
				E2A80914239500F1002525FF /* SignIn.swift */,
				231426B823C6C6B800762883 /* SearchBarView.swift */,
				E2A8EA2E23A0BDF1000DEDC8 /* HomeView.swift */,
				E2A8EA2A23A0B822000DEDC8 /* ContentView.swift */,
				2305A5ED238CE0FD00018924 /* SignUpView.swift */,
				65262E07237CF146001C1B5C /* SceneDelegate.swift */,
				65262E10237CF14A001C1B5C /* LaunchScreen.storyboard */,
				65262E0B237CF14A001C1B5C /* Assets.xcassets */,
				65262E13237CF14A001C1B5C /* Info.plist */,
				65262E0D237CF14A001C1B5C /* Preview Content */,
			);
			path = Relational;
			sourceTree = "<group>";
		};
		65262E0D237CF14A001C1B5C /* Preview Content */ = {
			isa = PBXGroup;
			children = (
				65262E0E237CF14A001C1B5C /* Preview Assets.xcassets */,
			);
			path = "Preview Content";
			sourceTree = "<group>";
		};
		65262E1B237CF14A001C1B5C /* RelationalTests */ = {
			isa = PBXGroup;
			children = (
				65262E1C237CF14A001C1B5C /* RelationalTests.swift */,
				65262E1E237CF14A001C1B5C /* Info.plist */,
			);
			path = RelationalTests;
			sourceTree = "<group>";
		};
		65262E26237CF14A001C1B5C /* RelationalUITests */ = {
			isa = PBXGroup;
			children = (
				65262E27237CF14A001C1B5C /* RelationalUITests.swift */,
				65262E29237CF14A001C1B5C /* Info.plist */,
			);
			path = RelationalUITests;
			sourceTree = "<group>";
		};
		65C40CEB2388C67B0059F047 /* Models */ = {
			isa = PBXGroup;
			children = (
			);
			path = Models;
			sourceTree = "<group>";
		};
		65C40CF22388C6A40059F047 /* Resources */ = {
			isa = PBXGroup;
			children = (
				65C40CF32388C6A40059F047 /* turtlerock.jpg */,
				65C40CF42388C6A40059F047 /* silversalmoncreek.jpg */,
				65C40CF52388C6A40059F047 /* icybay.jpg */,
				65C40CF62388C6A40059F047 /* lakemcdonald.jpg */,
				65C40CF72388C6A40059F047 /* hiddenlake.jpg */,
				65C40CF82388C6A40059F047 /* twinlake.jpg */,
				65C40CF92388C6A40059F047 /* umbagog.jpg */,
				65C40CFA2388C6A40059F047 /* landmarkData.json */,
				65C40CFB2388C6A40059F047 /* chincoteague.jpg */,
				65C40CFC2388C6A40059F047 /* yukon_charleyrivers.jpg */,
				65C40CFD2388C6A40059F047 /* stmarylake.jpg */,
				65C40CFE2388C6A40059F047 /* chilkoottrail.jpg */,
				65C40CFF2388C6A40059F047 /* rainbowlake.jpg */,
			);
			path = Resources;
			sourceTree = "<group>";
		};
		65C40D0D2388C6AC0059F047 /* Supporting Views */ = {
			isa = PBXGroup;
			children = (
			);
			path = "Supporting Views";
			sourceTree = "<group>";
		};
		9A3BBD90594EA17C6C0830F5 /* Frameworks */ = {
			isa = PBXGroup;
			children = (
				B92D80D6D1A79683B33813E9 /* Pods_Relational.framework */,
				9A929EF71907971DB4A7B74D /* Pods_Relational_RelationalUITests.framework */,
				095EBC2F60F5A56D281B9258 /* Pods_RelationalTests.framework */,
			);
			name = Frameworks;
			sourceTree = "<group>";
		};
		DE5736DA434C9FC782B3131F /* Pods */ = {
			isa = PBXGroup;
			children = (
				D4CDFF9161ECC91690561BE1 /* Pods-Relational.debug.xcconfig */,
				A987F14F74F3E730E561F6A0 /* Pods-Relational.release.xcconfig */,
				544AB574E35D622D8AE1DE31 /* Pods-Relational-RelationalUITests.debug.xcconfig */,
				0B6D5FB1EB56315B52BD0F2C /* Pods-Relational-RelationalUITests.release.xcconfig */,
				A2A988753D1CD61EA31F66EC /* Pods-RelationalTests.debug.xcconfig */,
				626B7CAD0F6542D2DCE31586 /* Pods-RelationalTests.release.xcconfig */,
			);
			path = Pods;
			sourceTree = "<group>";
		};
		E2A8EA3423A0C426000DEDC8 /* ViewM */ = {
			isa = PBXGroup;
			children = (
				E2A8EA3523A0C52B000DEDC8 /* SignInViewModel.swift */,
				E2A8EA3723A0C617000DEDC8 /* HomeViewModel.swift */,
				A4439D5623E9B70E007E51AF /* SignChangeViewModel.swift */,
			);
			path = ViewM;
			sourceTree = "<group>";
		};
/* End PBXGroup section */

/* Begin PBXNativeTarget section */
		65262E01237CF146001C1B5C /* Relational */ = {
			isa = PBXNativeTarget;
			buildConfigurationList = 65262E2C237CF14A001C1B5C /* Build configuration list for PBXNativeTarget "Relational" */;
			buildPhases = (
				1A0E30B6ADF14AB5BDEB8643 /* [CP] Check Pods Manifest.lock */,
				65262DFE237CF146001C1B5C /* Sources */,
				65262DFF237CF146001C1B5C /* Frameworks */,
				65262E00237CF146001C1B5C /* Resources */,
				7340A33B60491D5065F83F5B /* [CP] Embed Pods Frameworks */,
				D458A2B6D0D0516684781347 /* [CP] Copy Pods Resources */,
			);
			buildRules = (
			);
			dependencies = (
			);
			name = Relational;
			packageProductDependencies = (
				65BF3ECA23EF1FC100A69973 /* SDWebImageSwiftUI */,
			);
			productName = Relational;
			productReference = 65262E02237CF146001C1B5C /* Relational.app */;
			productType = "com.apple.product-type.application";
		};
		65262E17237CF14A001C1B5C /* RelationalTests */ = {
			isa = PBXNativeTarget;
			buildConfigurationList = 65262E2F237CF14A001C1B5C /* Build configuration list for PBXNativeTarget "RelationalTests" */;
			buildPhases = (
				8BD812AB607C68590CE70973 /* [CP] Check Pods Manifest.lock */,
				65262E14237CF14A001C1B5C /* Sources */,
				65262E15237CF14A001C1B5C /* Frameworks */,
				65262E16237CF14A001C1B5C /* Resources */,
			);
			buildRules = (
			);
			dependencies = (
				65262E1A237CF14A001C1B5C /* PBXTargetDependency */,
			);
			name = RelationalTests;
			productName = RelationalTests;
			productReference = 65262E18237CF14A001C1B5C /* RelationalTests.xctest */;
			productType = "com.apple.product-type.bundle.unit-test";
		};
		65262E22237CF14A001C1B5C /* RelationalUITests */ = {
			isa = PBXNativeTarget;
			buildConfigurationList = 65262E32237CF14A001C1B5C /* Build configuration list for PBXNativeTarget "RelationalUITests" */;
			buildPhases = (
				8292A64BC9C3B07F3C246FE6 /* [CP] Check Pods Manifest.lock */,
				65262E1F237CF14A001C1B5C /* Sources */,
				65262E20237CF14A001C1B5C /* Frameworks */,
				65262E21237CF14A001C1B5C /* Resources */,
				301FB3F127A7EE815E4215D7 /* [CP] Embed Pods Frameworks */,
				F9B55C2C6CC80F332FC38170 /* [CP] Copy Pods Resources */,
			);
			buildRules = (
			);
			dependencies = (
				65262E25237CF14A001C1B5C /* PBXTargetDependency */,
			);
			name = RelationalUITests;
			productName = RelationalUITests;
			productReference = 65262E23237CF14A001C1B5C /* RelationalUITests.xctest */;
			productType = "com.apple.product-type.bundle.ui-testing";
		};
/* End PBXNativeTarget section */

/* Begin PBXProject section */
		65262DFA237CF146001C1B5C /* Project object */ = {
			isa = PBXProject;
			attributes = {
				LastSwiftUpdateCheck = 1120;
				LastUpgradeCheck = 1120;
				ORGANIZATIONNAME = "shinya yoshitaka";
				TargetAttributes = {
					65262E01237CF146001C1B5C = {
						CreatedOnToolsVersion = 11.2;
					};
					65262E17237CF14A001C1B5C = {
						CreatedOnToolsVersion = 11.2;
						TestTargetID = 65262E01237CF146001C1B5C;
					};
					65262E22237CF14A001C1B5C = {
						CreatedOnToolsVersion = 11.2;
						TestTargetID = 65262E01237CF146001C1B5C;
					};
				};
			};
			buildConfigurationList = 65262DFD237CF146001C1B5C /* Build configuration list for PBXProject "Relational" */;
			compatibilityVersion = "Xcode 11.0";
			developmentRegion = en;
			hasScannedForEncodings = 0;
			knownRegions = (
				en,
				Base,
			);
			mainGroup = 65262DF9237CF146001C1B5C;
			packageReferences = (
				65BF3EC923EF1FC100A69973 /* XCRemoteSwiftPackageReference "SDWebImageSwiftUI" */,
			);
			productRefGroup = 65262E03237CF146001C1B5C /* Products */;
			projectDirPath = "";
			projectRoot = "";
			targets = (
				65262E01237CF146001C1B5C /* Relational */,
				65262E17237CF14A001C1B5C /* RelationalTests */,
				65262E22237CF14A001C1B5C /* RelationalUITests */,
			);
		};
/* End PBXProject section */

/* Begin PBXResourcesBuildPhase section */
		65262E00237CF146001C1B5C /* Resources */ = {
			isa = PBXResourcesBuildPhase;
			buildActionMask = 2147483647;
			files = (
				65262E12237CF14A001C1B5C /* LaunchScreen.storyboard in Resources */,
				65262E0F237CF14A001C1B5C /* Preview Assets.xcassets in Resources */,
				E24689EA2389369100E8956A /* GoogleService-Info.plist in Resources */,
				65262E0C237CF14A001C1B5C /* Assets.xcassets in Resources */,
				65C40D072388C6A50059F047 /* landmarkData.json in Resources */,
			);
			runOnlyForDeploymentPostprocessing = 0;
		};
		65262E16237CF14A001C1B5C /* Resources */ = {
			isa = PBXResourcesBuildPhase;
			buildActionMask = 2147483647;
			files = (
			);
			runOnlyForDeploymentPostprocessing = 0;
		};
		65262E21237CF14A001C1B5C /* Resources */ = {
			isa = PBXResourcesBuildPhase;
			buildActionMask = 2147483647;
			files = (
			);
			runOnlyForDeploymentPostprocessing = 0;
		};
/* End PBXResourcesBuildPhase section */

/* Begin PBXShellScriptBuildPhase section */
		1A0E30B6ADF14AB5BDEB8643 /* [CP] Check Pods Manifest.lock */ = {
			isa = PBXShellScriptBuildPhase;
			buildActionMask = 2147483647;
			files = (
			);
			inputFileListPaths = (
			);
			inputPaths = (
				"${PODS_PODFILE_DIR_PATH}/Podfile.lock",
				"${PODS_ROOT}/Manifest.lock",
			);
			name = "[CP] Check Pods Manifest.lock";
			outputFileListPaths = (
			);
			outputPaths = (
				"$(DERIVED_FILE_DIR)/Pods-Relational-checkManifestLockResult.txt",
			);
			runOnlyForDeploymentPostprocessing = 0;
			shellPath = /bin/sh;
			shellScript = "diff \"${PODS_PODFILE_DIR_PATH}/Podfile.lock\" \"${PODS_ROOT}/Manifest.lock\" > /dev/null\nif [ $? != 0 ] ; then\n    # print error to STDERR\n    echo \"error: The sandbox is not in sync with the Podfile.lock. Run 'pod install' or update your CocoaPods installation.\" >&2\n    exit 1\nfi\n# This output is used by Xcode 'outputs' to avoid re-running this script phase.\necho \"SUCCESS\" > \"${SCRIPT_OUTPUT_FILE_0}\"\n";
			showEnvVarsInLog = 0;
		};
		301FB3F127A7EE815E4215D7 /* [CP] Embed Pods Frameworks */ = {
			isa = PBXShellScriptBuildPhase;
			buildActionMask = 2147483647;
			files = (
			);
			inputFileListPaths = (
				"${PODS_ROOT}/Target Support Files/Pods-Relational-RelationalUITests/Pods-Relational-RelationalUITests-frameworks-${CONFIGURATION}-input-files.xcfilelist",
			);
			name = "[CP] Embed Pods Frameworks";
			outputFileListPaths = (
				"${PODS_ROOT}/Target Support Files/Pods-Relational-RelationalUITests/Pods-Relational-RelationalUITests-frameworks-${CONFIGURATION}-output-files.xcfilelist",
			);
			runOnlyForDeploymentPostprocessing = 0;
			shellPath = /bin/sh;
			shellScript = "\"${PODS_ROOT}/Target Support Files/Pods-Relational-RelationalUITests/Pods-Relational-RelationalUITests-frameworks.sh\"\n";
			showEnvVarsInLog = 0;
		};
		7340A33B60491D5065F83F5B /* [CP] Embed Pods Frameworks */ = {
			isa = PBXShellScriptBuildPhase;
			buildActionMask = 2147483647;
			files = (
			);
			inputFileListPaths = (
				"${PODS_ROOT}/Target Support Files/Pods-Relational/Pods-Relational-frameworks-${CONFIGURATION}-input-files.xcfilelist",
			);
			name = "[CP] Embed Pods Frameworks";
			outputFileListPaths = (
				"${PODS_ROOT}/Target Support Files/Pods-Relational/Pods-Relational-frameworks-${CONFIGURATION}-output-files.xcfilelist",
			);
			runOnlyForDeploymentPostprocessing = 0;
			shellPath = /bin/sh;
			shellScript = "\"${PODS_ROOT}/Target Support Files/Pods-Relational/Pods-Relational-frameworks.sh\"\n";
			showEnvVarsInLog = 0;
		};
		8292A64BC9C3B07F3C246FE6 /* [CP] Check Pods Manifest.lock */ = {
			isa = PBXShellScriptBuildPhase;
			buildActionMask = 2147483647;
			files = (
			);
			inputFileListPaths = (
			);
			inputPaths = (
				"${PODS_PODFILE_DIR_PATH}/Podfile.lock",
				"${PODS_ROOT}/Manifest.lock",
			);
			name = "[CP] Check Pods Manifest.lock";
			outputFileListPaths = (
			);
			outputPaths = (
				"$(DERIVED_FILE_DIR)/Pods-Relational-RelationalUITests-checkManifestLockResult.txt",
			);
			runOnlyForDeploymentPostprocessing = 0;
			shellPath = /bin/sh;
			shellScript = "diff \"${PODS_PODFILE_DIR_PATH}/Podfile.lock\" \"${PODS_ROOT}/Manifest.lock\" > /dev/null\nif [ $? != 0 ] ; then\n    # print error to STDERR\n    echo \"error: The sandbox is not in sync with the Podfile.lock. Run 'pod install' or update your CocoaPods installation.\" >&2\n    exit 1\nfi\n# This output is used by Xcode 'outputs' to avoid re-running this script phase.\necho \"SUCCESS\" > \"${SCRIPT_OUTPUT_FILE_0}\"\n";
			showEnvVarsInLog = 0;
		};
		8BD812AB607C68590CE70973 /* [CP] Check Pods Manifest.lock */ = {
			isa = PBXShellScriptBuildPhase;
			buildActionMask = 2147483647;
			files = (
			);
			inputFileListPaths = (
			);
			inputPaths = (
				"${PODS_PODFILE_DIR_PATH}/Podfile.lock",
				"${PODS_ROOT}/Manifest.lock",
			);
			name = "[CP] Check Pods Manifest.lock";
			outputFileListPaths = (
			);
			outputPaths = (
				"$(DERIVED_FILE_DIR)/Pods-RelationalTests-checkManifestLockResult.txt",
			);
			runOnlyForDeploymentPostprocessing = 0;
			shellPath = /bin/sh;
			shellScript = "diff \"${PODS_PODFILE_DIR_PATH}/Podfile.lock\" \"${PODS_ROOT}/Manifest.lock\" > /dev/null\nif [ $? != 0 ] ; then\n    # print error to STDERR\n    echo \"error: The sandbox is not in sync with the Podfile.lock. Run 'pod install' or update your CocoaPods installation.\" >&2\n    exit 1\nfi\n# This output is used by Xcode 'outputs' to avoid re-running this script phase.\necho \"SUCCESS\" > \"${SCRIPT_OUTPUT_FILE_0}\"\n";
			showEnvVarsInLog = 0;
		};
		D458A2B6D0D0516684781347 /* [CP] Copy Pods Resources */ = {
			isa = PBXShellScriptBuildPhase;
			buildActionMask = 2147483647;
			files = (
			);
			inputFileListPaths = (
				"${PODS_ROOT}/Target Support Files/Pods-Relational/Pods-Relational-resources-${CONFIGURATION}-input-files.xcfilelist",
			);
			name = "[CP] Copy Pods Resources";
			outputFileListPaths = (
				"${PODS_ROOT}/Target Support Files/Pods-Relational/Pods-Relational-resources-${CONFIGURATION}-output-files.xcfilelist",
			);
			runOnlyForDeploymentPostprocessing = 0;
			shellPath = /bin/sh;
			shellScript = "\"${PODS_ROOT}/Target Support Files/Pods-Relational/Pods-Relational-resources.sh\"\n";
			showEnvVarsInLog = 0;
		};
		F9B55C2C6CC80F332FC38170 /* [CP] Copy Pods Resources */ = {
			isa = PBXShellScriptBuildPhase;
			buildActionMask = 2147483647;
			files = (
			);
			inputFileListPaths = (
				"${PODS_ROOT}/Target Support Files/Pods-Relational-RelationalUITests/Pods-Relational-RelationalUITests-resources-${CONFIGURATION}-input-files.xcfilelist",
			);
			name = "[CP] Copy Pods Resources";
			outputFileListPaths = (
				"${PODS_ROOT}/Target Support Files/Pods-Relational-RelationalUITests/Pods-Relational-RelationalUITests-resources-${CONFIGURATION}-output-files.xcfilelist",
			);
			runOnlyForDeploymentPostprocessing = 0;
			shellPath = /bin/sh;
			shellScript = "\"${PODS_ROOT}/Target Support Files/Pods-Relational-RelationalUITests/Pods-Relational-RelationalUITests-resources.sh\"\n";
			showEnvVarsInLog = 0;
		};
/* End PBXShellScriptBuildPhase section */

/* Begin PBXSourcesBuildPhase section */
		65262DFE237CF146001C1B5C /* Sources */ = {
			isa = PBXSourcesBuildPhase;
			buildActionMask = 2147483647;
			files = (
				65262E06237CF146001C1B5C /* AppDelegate.swift in Sources */,
				65262E08237CF146001C1B5C /* SceneDelegate.swift in Sources */,
				2305A5EE238CE0FD00018924 /* SignUpView.swift in Sources */,
				E2A8EA3623A0C52B000DEDC8 /* SignInViewModel.swift in Sources */,
				E2A80915239500F1002525FF /* SignIn.swift in Sources */,
				E2A8EA2B23A0B822000DEDC8 /* ContentView.swift in Sources */,
				231426B923C6C6B900762883 /* SearchBarView.swift in Sources */,
				A407CF7B23F27F8200A2CDE1 /* SignChangeView.swift in Sources */,
				E2A8EA3823A0C617000DEDC8 /* HomeViewModel.swift in Sources */,
				E2A8EA2F23A0BDF1000DEDC8 /* HomeView.swift in Sources */,
			);
			runOnlyForDeploymentPostprocessing = 0;
		};
		65262E14237CF14A001C1B5C /* Sources */ = {
			isa = PBXSourcesBuildPhase;
			buildActionMask = 2147483647;
			files = (
				65262E1D237CF14A001C1B5C /* RelationalTests.swift in Sources */,
			);
			runOnlyForDeploymentPostprocessing = 0;
		};
		65262E1F237CF14A001C1B5C /* Sources */ = {
			isa = PBXSourcesBuildPhase;
			buildActionMask = 2147483647;
			files = (
				65262E28237CF14A001C1B5C /* RelationalUITests.swift in Sources */,
			);
			runOnlyForDeploymentPostprocessing = 0;
		};
/* End PBXSourcesBuildPhase section */

/* Begin PBXTargetDependency section */
		65262E1A237CF14A001C1B5C /* PBXTargetDependency */ = {
			isa = PBXTargetDependency;
			target = 65262E01237CF146001C1B5C /* Relational */;
			targetProxy = 65262E19237CF14A001C1B5C /* PBXContainerItemProxy */;
		};
		65262E25237CF14A001C1B5C /* PBXTargetDependency */ = {
			isa = PBXTargetDependency;
			target = 65262E01237CF146001C1B5C /* Relational */;
			targetProxy = 65262E24237CF14A001C1B5C /* PBXContainerItemProxy */;
		};
/* End PBXTargetDependency section */

/* Begin PBXVariantGroup section */
		65262E10237CF14A001C1B5C /* LaunchScreen.storyboard */ = {
			isa = PBXVariantGroup;
			children = (
				65262E11237CF14A001C1B5C /* Base */,
			);
			name = LaunchScreen.storyboard;
			sourceTree = "<group>";
		};
/* End PBXVariantGroup section */

/* Begin XCBuildConfiguration section */
		65262E2A237CF14A001C1B5C /* Debug */ = {
			isa = XCBuildConfiguration;
			buildSettings = {
				ALWAYS_SEARCH_USER_PATHS = NO;
				CLANG_ANALYZER_NONNULL = YES;
				CLANG_ANALYZER_NUMBER_OBJECT_CONVERSION = YES_AGGRESSIVE;
				CLANG_CXX_LANGUAGE_STANDARD = "gnu++14";
				CLANG_CXX_LIBRARY = "libc++";
				CLANG_ENABLE_MODULES = YES;
				CLANG_ENABLE_OBJC_ARC = YES;
				CLANG_ENABLE_OBJC_WEAK = YES;
				CLANG_WARN_BLOCK_CAPTURE_AUTORELEASING = YES;
				CLANG_WARN_BOOL_CONVERSION = YES;
				CLANG_WARN_COMMA = YES;
				CLANG_WARN_CONSTANT_CONVERSION = YES;
				CLANG_WARN_DEPRECATED_OBJC_IMPLEMENTATIONS = YES;
				CLANG_WARN_DIRECT_OBJC_ISA_USAGE = YES_ERROR;
				CLANG_WARN_DOCUMENTATION_COMMENTS = YES;
				CLANG_WARN_EMPTY_BODY = YES;
				CLANG_WARN_ENUM_CONVERSION = YES;
				CLANG_WARN_INFINITE_RECURSION = YES;
				CLANG_WARN_INT_CONVERSION = YES;
				CLANG_WARN_NON_LITERAL_NULL_CONVERSION = YES;
				CLANG_WARN_OBJC_IMPLICIT_RETAIN_SELF = YES;
				CLANG_WARN_OBJC_LITERAL_CONVERSION = YES;
				CLANG_WARN_OBJC_ROOT_CLASS = YES_ERROR;
				CLANG_WARN_RANGE_LOOP_ANALYSIS = YES;
				CLANG_WARN_STRICT_PROTOTYPES = YES;
				CLANG_WARN_SUSPICIOUS_MOVE = YES;
				CLANG_WARN_UNGUARDED_AVAILABILITY = YES_AGGRESSIVE;
				CLANG_WARN_UNREACHABLE_CODE = YES;
				CLANG_WARN__DUPLICATE_METHOD_MATCH = YES;
				COPY_PHASE_STRIP = NO;
				DEBUG_INFORMATION_FORMAT = dwarf;
				ENABLE_STRICT_OBJC_MSGSEND = YES;
				ENABLE_TESTABILITY = YES;
				GCC_C_LANGUAGE_STANDARD = gnu11;
				GCC_DYNAMIC_NO_PIC = NO;
				GCC_NO_COMMON_BLOCKS = YES;
				GCC_OPTIMIZATION_LEVEL = 0;
				GCC_PREPROCESSOR_DEFINITIONS = (
					"DEBUG=1",
					"$(inherited)",
				);
				GCC_WARN_64_TO_32_BIT_CONVERSION = YES;
				GCC_WARN_ABOUT_RETURN_TYPE = YES_ERROR;
				GCC_WARN_UNDECLARED_SELECTOR = YES;
				GCC_WARN_UNINITIALIZED_AUTOS = YES_AGGRESSIVE;
				GCC_WARN_UNUSED_FUNCTION = YES;
				GCC_WARN_UNUSED_VARIABLE = YES;
				IPHONEOS_DEPLOYMENT_TARGET = 13.2;
				MTL_ENABLE_DEBUG_INFO = INCLUDE_SOURCE;
				MTL_FAST_MATH = YES;
				ONLY_ACTIVE_ARCH = YES;
				SDKROOT = iphoneos;
				SWIFT_ACTIVE_COMPILATION_CONDITIONS = DEBUG;
				SWIFT_OPTIMIZATION_LEVEL = "-Onone";
			};
			name = Debug;
		};
		65262E2B237CF14A001C1B5C /* Release */ = {
			isa = XCBuildConfiguration;
			buildSettings = {
				ALWAYS_SEARCH_USER_PATHS = NO;
				CLANG_ANALYZER_NONNULL = YES;
				CLANG_ANALYZER_NUMBER_OBJECT_CONVERSION = YES_AGGRESSIVE;
				CLANG_CXX_LANGUAGE_STANDARD = "gnu++14";
				CLANG_CXX_LIBRARY = "libc++";
				CLANG_ENABLE_MODULES = YES;
				CLANG_ENABLE_OBJC_ARC = YES;
				CLANG_ENABLE_OBJC_WEAK = YES;
				CLANG_WARN_BLOCK_CAPTURE_AUTORELEASING = YES;
				CLANG_WARN_BOOL_CONVERSION = YES;
				CLANG_WARN_COMMA = YES;
				CLANG_WARN_CONSTANT_CONVERSION = YES;
				CLANG_WARN_DEPRECATED_OBJC_IMPLEMENTATIONS = YES;
				CLANG_WARN_DIRECT_OBJC_ISA_USAGE = YES_ERROR;
				CLANG_WARN_DOCUMENTATION_COMMENTS = YES;
				CLANG_WARN_EMPTY_BODY = YES;
				CLANG_WARN_ENUM_CONVERSION = YES;
				CLANG_WARN_INFINITE_RECURSION = YES;
				CLANG_WARN_INT_CONVERSION = YES;
				CLANG_WARN_NON_LITERAL_NULL_CONVERSION = YES;
				CLANG_WARN_OBJC_IMPLICIT_RETAIN_SELF = YES;
				CLANG_WARN_OBJC_LITERAL_CONVERSION = YES;
				CLANG_WARN_OBJC_ROOT_CLASS = YES_ERROR;
				CLANG_WARN_RANGE_LOOP_ANALYSIS = YES;
				CLANG_WARN_STRICT_PROTOTYPES = YES;
				CLANG_WARN_SUSPICIOUS_MOVE = YES;
				CLANG_WARN_UNGUARDED_AVAILABILITY = YES_AGGRESSIVE;
				CLANG_WARN_UNREACHABLE_CODE = YES;
				CLANG_WARN__DUPLICATE_METHOD_MATCH = YES;
				COPY_PHASE_STRIP = NO;
				DEBUG_INFORMATION_FORMAT = "dwarf-with-dsym";
				ENABLE_NS_ASSERTIONS = NO;
				ENABLE_STRICT_OBJC_MSGSEND = YES;
				GCC_C_LANGUAGE_STANDARD = gnu11;
				GCC_NO_COMMON_BLOCKS = YES;
				GCC_WARN_64_TO_32_BIT_CONVERSION = YES;
				GCC_WARN_ABOUT_RETURN_TYPE = YES_ERROR;
				GCC_WARN_UNDECLARED_SELECTOR = YES;
				GCC_WARN_UNINITIALIZED_AUTOS = YES_AGGRESSIVE;
				GCC_WARN_UNUSED_FUNCTION = YES;
				GCC_WARN_UNUSED_VARIABLE = YES;
				IPHONEOS_DEPLOYMENT_TARGET = 13.2;
				MTL_ENABLE_DEBUG_INFO = NO;
				MTL_FAST_MATH = YES;
				SDKROOT = iphoneos;
				SWIFT_COMPILATION_MODE = wholemodule;
				SWIFT_OPTIMIZATION_LEVEL = "-O";
				VALIDATE_PRODUCT = YES;
			};
			name = Release;
		};
		65262E2D237CF14A001C1B5C /* Debug */ = {
			isa = XCBuildConfiguration;
			baseConfigurationReference = D4CDFF9161ECC91690561BE1 /* Pods-Relational.debug.xcconfig */;
			buildSettings = {
				ASSETCATALOG_COMPILER_APPICON_NAME = AppIcon;
				CODE_SIGN_IDENTITY = "Apple Development";
				CODE_SIGN_STYLE = Automatic;
				DEVELOPMENT_ASSET_PATHS = "\"Relational/Preview Content\"";
				DEVELOPMENT_TEAM = B2299NJSRX;
				ENABLE_PREVIEWS = YES;
				INFOPLIST_FILE = Relational/Info.plist;
				IPHONEOS_DEPLOYMENT_TARGET = 13.2;
				LD_RUNPATH_SEARCH_PATHS = (
					"$(inherited)",
					"@executable_path/Frameworks",
				);
				PRODUCT_BUNDLE_IDENTIFIER = swift.demo.Relational;
				PRODUCT_NAME = "$(TARGET_NAME)";
				PROVISIONING_PROFILE_SPECIFIER = "";
				SWIFT_VERSION = 5.0;
				TARGETED_DEVICE_FAMILY = "1,2";
			};
			name = Debug;
		};
		65262E2E237CF14A001C1B5C /* Release */ = {
			isa = XCBuildConfiguration;
			baseConfigurationReference = A987F14F74F3E730E561F6A0 /* Pods-Relational.release.xcconfig */;
			buildSettings = {
				ASSETCATALOG_COMPILER_APPICON_NAME = AppIcon;
				CODE_SIGN_IDENTITY = "Apple Development";
				CODE_SIGN_STYLE = Automatic;
				DEVELOPMENT_ASSET_PATHS = "\"Relational/Preview Content\"";
				DEVELOPMENT_TEAM = B2299NJSRX;
				ENABLE_PREVIEWS = YES;
				INFOPLIST_FILE = Relational/Info.plist;
				IPHONEOS_DEPLOYMENT_TARGET = 13.2;
				LD_RUNPATH_SEARCH_PATHS = (
					"$(inherited)",
					"@executable_path/Frameworks",
				);
				PRODUCT_BUNDLE_IDENTIFIER = swift.demo.Relational;
				PRODUCT_NAME = "$(TARGET_NAME)";
				PROVISIONING_PROFILE_SPECIFIER = "";
				SWIFT_VERSION = 5.0;
				TARGETED_DEVICE_FAMILY = "1,2";
			};
			name = Release;
		};
		65262E30237CF14A001C1B5C /* Debug */ = {
			isa = XCBuildConfiguration;
			baseConfigurationReference = A2A988753D1CD61EA31F66EC /* Pods-RelationalTests.debug.xcconfig */;
			buildSettings = {
				ALWAYS_EMBED_SWIFT_STANDARD_LIBRARIES = YES;
				BUNDLE_LOADER = "$(TEST_HOST)";
				CODE_SIGN_STYLE = Automatic;
				INFOPLIST_FILE = RelationalTests/Info.plist;
				IPHONEOS_DEPLOYMENT_TARGET = 13.2;
				LD_RUNPATH_SEARCH_PATHS = (
					"$(inherited)",
					"@executable_path/Frameworks",
					"@loader_path/Frameworks",
				);
				PRODUCT_BUNDLE_IDENTIFIER = swife.demo.RelationalTests;
				PRODUCT_NAME = "$(TARGET_NAME)";
				SWIFT_VERSION = 5.0;
				TARGETED_DEVICE_FAMILY = "1,2";
				TEST_HOST = "$(BUILT_PRODUCTS_DIR)/Relational.app/Relational";
			};
			name = Debug;
		};
		65262E31237CF14A001C1B5C /* Release */ = {
			isa = XCBuildConfiguration;
			baseConfigurationReference = 626B7CAD0F6542D2DCE31586 /* Pods-RelationalTests.release.xcconfig */;
			buildSettings = {
				ALWAYS_EMBED_SWIFT_STANDARD_LIBRARIES = YES;
				BUNDLE_LOADER = "$(TEST_HOST)";
				CODE_SIGN_STYLE = Automatic;
				INFOPLIST_FILE = RelationalTests/Info.plist;
				IPHONEOS_DEPLOYMENT_TARGET = 13.2;
				LD_RUNPATH_SEARCH_PATHS = (
					"$(inherited)",
					"@executable_path/Frameworks",
					"@loader_path/Frameworks",
				);
				PRODUCT_BUNDLE_IDENTIFIER = swife.demo.RelationalTests;
				PRODUCT_NAME = "$(TARGET_NAME)";
				SWIFT_VERSION = 5.0;
				TARGETED_DEVICE_FAMILY = "1,2";
				TEST_HOST = "$(BUILT_PRODUCTS_DIR)/Relational.app/Relational";
			};
			name = Release;
		};
		65262E33237CF14A001C1B5C /* Debug */ = {
			isa = XCBuildConfiguration;
			baseConfigurationReference = 544AB574E35D622D8AE1DE31 /* Pods-Relational-RelationalUITests.debug.xcconfig */;
			buildSettings = {
				ALWAYS_EMBED_SWIFT_STANDARD_LIBRARIES = YES;
				CODE_SIGN_STYLE = Automatic;
				INFOPLIST_FILE = RelationalUITests/Info.plist;
				LD_RUNPATH_SEARCH_PATHS = (
					"$(inherited)",
					"@executable_path/Frameworks",
					"@loader_path/Frameworks",
				);
				PRODUCT_BUNDLE_IDENTIFIER = swife.demo.RelationalUITests;
				PRODUCT_NAME = "$(TARGET_NAME)";
				SWIFT_VERSION = 5.0;
				TARGETED_DEVICE_FAMILY = "1,2";
				TEST_TARGET_NAME = Relational;
			};
			name = Debug;
		};
		65262E34237CF14A001C1B5C /* Release */ = {
			isa = XCBuildConfiguration;
			baseConfigurationReference = 0B6D5FB1EB56315B52BD0F2C /* Pods-Relational-RelationalUITests.release.xcconfig */;
			buildSettings = {
				ALWAYS_EMBED_SWIFT_STANDARD_LIBRARIES = YES;
				CODE_SIGN_STYLE = Automatic;
				INFOPLIST_FILE = RelationalUITests/Info.plist;
				LD_RUNPATH_SEARCH_PATHS = (
					"$(inherited)",
					"@executable_path/Frameworks",
					"@loader_path/Frameworks",
				);
				PRODUCT_BUNDLE_IDENTIFIER = swife.demo.RelationalUITests;
				PRODUCT_NAME = "$(TARGET_NAME)";
				SWIFT_VERSION = 5.0;
				TARGETED_DEVICE_FAMILY = "1,2";
				TEST_TARGET_NAME = Relational;
			};
			name = Release;
		};
/* End XCBuildConfiguration section */

/* Begin XCConfigurationList section */
		65262DFD237CF146001C1B5C /* Build configuration list for PBXProject "Relational" */ = {
			isa = XCConfigurationList;
			buildConfigurations = (
				65262E2A237CF14A001C1B5C /* Debug */,
				65262E2B237CF14A001C1B5C /* Release */,
			);
			defaultConfigurationIsVisible = 0;
			defaultConfigurationName = Release;
		};
		65262E2C237CF14A001C1B5C /* Build configuration list for PBXNativeTarget "Relational" */ = {
			isa = XCConfigurationList;
			buildConfigurations = (
				65262E2D237CF14A001C1B5C /* Debug */,
				65262E2E237CF14A001C1B5C /* Release */,
			);
			defaultConfigurationIsVisible = 0;
			defaultConfigurationName = Release;
		};
		65262E2F237CF14A001C1B5C /* Build configuration list for PBXNativeTarget "RelationalTests" */ = {
			isa = XCConfigurationList;
			buildConfigurations = (
				65262E30237CF14A001C1B5C /* Debug */,
				65262E31237CF14A001C1B5C /* Release */,
			);
			defaultConfigurationIsVisible = 0;
			defaultConfigurationName = Release;
		};
		65262E32237CF14A001C1B5C /* Build configuration list for PBXNativeTarget "RelationalUITests" */ = {
			isa = XCConfigurationList;
			buildConfigurations = (
				65262E33237CF14A001C1B5C /* Debug */,
				65262E34237CF14A001C1B5C /* Release */,
			);
			defaultConfigurationIsVisible = 0;
			defaultConfigurationName = Release;
		};
/* End XCConfigurationList section */

/* Begin XCRemoteSwiftPackageReference section */
		65BF3EC923EF1FC100A69973 /* XCRemoteSwiftPackageReference "SDWebImageSwiftUI" */ = {
			isa = XCRemoteSwiftPackageReference;
			repositoryURL = "https://github.com/SDWebImage/SDWebImageSwiftUI";
			requirement = {
				kind = upToNextMajorVersion;
				minimumVersion = 0.10.3;
			};
		};
/* End XCRemoteSwiftPackageReference section */

/* Begin XCSwiftPackageProductDependency section */
		65BF3ECA23EF1FC100A69973 /* SDWebImageSwiftUI */ = {
			isa = XCSwiftPackageProductDependency;
			package = 65BF3EC923EF1FC100A69973 /* XCRemoteSwiftPackageReference "SDWebImageSwiftUI" */;
			productName = SDWebImageSwiftUI;
		};
/* End XCSwiftPackageProductDependency section */
	};
	rootObject = 65262DFA237CF146001C1B5C /* Project object */;
}
